# This file is generated by running "yarn install" inside your project.
# Manual changes might be lost - proceed with caution!

__metadata:
  version: 8
  cacheKey: 10c0

"@esbuild/aix-ppc64@npm:0.24.0":
  version: 0.24.0
  resolution: "@esbuild/aix-ppc64@npm:0.24.0"
  conditions: os=aix & cpu=ppc64
  languageName: node
  linkType: hard

"@esbuild/android-arm64@npm:0.24.0":
  version: 0.24.0
  resolution: "@esbuild/android-arm64@npm:0.24.0"
  conditions: os=android & cpu=arm64
  languageName: node
  linkType: hard

"@esbuild/android-arm@npm:0.24.0":
  version: 0.24.0
  resolution: "@esbuild/android-arm@npm:0.24.0"
  conditions: os=android & cpu=arm
  languageName: node
  linkType: hard

"@esbuild/android-x64@npm:0.24.0":
  version: 0.24.0
  resolution: "@esbuild/android-x64@npm:0.24.0"
  conditions: os=android & cpu=x64
  languageName: node
  linkType: hard

"@esbuild/darwin-arm64@npm:0.24.0":
  version: 0.24.0
  resolution: "@esbuild/darwin-arm64@npm:0.24.0"
  conditions: os=darwin & cpu=arm64
  languageName: node
  linkType: hard

"@esbuild/darwin-x64@npm:0.24.0":
  version: 0.24.0
  resolution: "@esbuild/darwin-x64@npm:0.24.0"
  conditions: os=darwin & cpu=x64
  languageName: node
  linkType: hard

"@esbuild/freebsd-arm64@npm:0.24.0":
  version: 0.24.0
  resolution: "@esbuild/freebsd-arm64@npm:0.24.0"
  conditions: os=freebsd & cpu=arm64
  languageName: node
  linkType: hard

"@esbuild/freebsd-x64@npm:0.24.0":
  version: 0.24.0
  resolution: "@esbuild/freebsd-x64@npm:0.24.0"
  conditions: os=freebsd & cpu=x64
  languageName: node
  linkType: hard

"@esbuild/linux-arm64@npm:0.24.0":
  version: 0.24.0
  resolution: "@esbuild/linux-arm64@npm:0.24.0"
  conditions: os=linux & cpu=arm64
  languageName: node
  linkType: hard

"@esbuild/linux-arm@npm:0.24.0":
  version: 0.24.0
  resolution: "@esbuild/linux-arm@npm:0.24.0"
  conditions: os=linux & cpu=arm
  languageName: node
  linkType: hard

"@esbuild/linux-ia32@npm:0.24.0":
  version: 0.24.0
  resolution: "@esbuild/linux-ia32@npm:0.24.0"
  conditions: os=linux & cpu=ia32
  languageName: node
  linkType: hard

"@esbuild/linux-loong64@npm:0.24.0":
  version: 0.24.0
  resolution: "@esbuild/linux-loong64@npm:0.24.0"
  conditions: os=linux & cpu=loong64
  languageName: node
  linkType: hard

"@esbuild/linux-mips64el@npm:0.24.0":
  version: 0.24.0
  resolution: "@esbuild/linux-mips64el@npm:0.24.0"
  conditions: os=linux & cpu=mips64el
  languageName: node
  linkType: hard

"@esbuild/linux-ppc64@npm:0.24.0":
  version: 0.24.0
  resolution: "@esbuild/linux-ppc64@npm:0.24.0"
  conditions: os=linux & cpu=ppc64
  languageName: node
  linkType: hard

"@esbuild/linux-riscv64@npm:0.24.0":
  version: 0.24.0
  resolution: "@esbuild/linux-riscv64@npm:0.24.0"
  conditions: os=linux & cpu=riscv64
  languageName: node
  linkType: hard

"@esbuild/linux-s390x@npm:0.24.0":
  version: 0.24.0
  resolution: "@esbuild/linux-s390x@npm:0.24.0"
  conditions: os=linux & cpu=s390x
  languageName: node
  linkType: hard

"@esbuild/linux-x64@npm:0.24.0":
  version: 0.24.0
  resolution: "@esbuild/linux-x64@npm:0.24.0"
  conditions: os=linux & cpu=x64
  languageName: node
  linkType: hard

"@esbuild/netbsd-x64@npm:0.24.0":
  version: 0.24.0
  resolution: "@esbuild/netbsd-x64@npm:0.24.0"
  conditions: os=netbsd & cpu=x64
  languageName: node
  linkType: hard

"@esbuild/openbsd-arm64@npm:0.24.0":
  version: 0.24.0
  resolution: "@esbuild/openbsd-arm64@npm:0.24.0"
  conditions: os=openbsd & cpu=arm64
  languageName: node
  linkType: hard

"@esbuild/openbsd-x64@npm:0.24.0":
  version: 0.24.0
  resolution: "@esbuild/openbsd-x64@npm:0.24.0"
  conditions: os=openbsd & cpu=x64
  languageName: node
  linkType: hard

"@esbuild/sunos-x64@npm:0.24.0":
  version: 0.24.0
  resolution: "@esbuild/sunos-x64@npm:0.24.0"
  conditions: os=sunos & cpu=x64
  languageName: node
  linkType: hard

"@esbuild/win32-arm64@npm:0.24.0":
  version: 0.24.0
  resolution: "@esbuild/win32-arm64@npm:0.24.0"
  conditions: os=win32 & cpu=arm64
  languageName: node
  linkType: hard

"@esbuild/win32-ia32@npm:0.24.0":
  version: 0.24.0
  resolution: "@esbuild/win32-ia32@npm:0.24.0"
  conditions: os=win32 & cpu=ia32
  languageName: node
  linkType: hard

"@esbuild/win32-x64@npm:0.24.0":
  version: 0.24.0
  resolution: "@esbuild/win32-x64@npm:0.24.0"
  conditions: os=win32 & cpu=x64
  languageName: node
  linkType: hard

"@fullcalendar/common@npm:~5.11.5":
  version: 5.11.5
  resolution: "@fullcalendar/common@npm:5.11.5"
  dependencies:
    tslib: "npm:^2.1.0"
  checksum: 10c0/320d7fcedb2a78f7d221669d2e3797abcd6f629a5b7448c33ec7f2baed6dbb02cfc8e677dc57632442c5c87952fb9db32c050e6940e50c0e91181c70082cbb15
  languageName: node
  linkType: hard

"@fullcalendar/core@npm:~5.11.3":
  version: 5.11.5
  resolution: "@fullcalendar/core@npm:5.11.5"
  dependencies:
    "@fullcalendar/common": "npm:~5.11.5"
    preact: "npm:~10.12.1"
    tslib: "npm:^2.1.0"
  checksum: 10c0/1cc8716fda4a113f2198765e18ec72a688f0afd2e362391d1f5959bf47dba47ca6e9af5db010c9be727e6b6a0e93fdc8bae9c3c78a07c3a82b0825306b646e39
  languageName: node
  linkType: hard

"@fullcalendar/daygrid@npm:~5.11.3, @fullcalendar/daygrid@npm:~5.11.5":
  version: 5.11.5
  resolution: "@fullcalendar/daygrid@npm:5.11.5"
  dependencies:
    "@fullcalendar/common": "npm:~5.11.5"
    tslib: "npm:^2.1.0"
  checksum: 10c0/e66efeeeffe8603187144dca27a642b68bb165cd32bf7aead7e42747d6793af9c57acdc3e870964328939dc515aed8cf539b203f0944aa1a6c37f35ecc2b911f
  languageName: node
  linkType: hard

"@fullcalendar/interaction@npm:~5.11.3":
  version: 5.11.5
  resolution: "@fullcalendar/interaction@npm:5.11.5"
  dependencies:
    "@fullcalendar/common": "npm:~5.11.5"
    tslib: "npm:^2.1.0"
  checksum: 10c0/e73a92d1d52724f0947ad1e41b397bdfe57fe528098bf61f64995308494803d3df24d4f53b78cb45ad41e58a38bddad7acd4a3e3ebf199f45f4431835dd78f88
  languageName: node
  linkType: hard

"@fullcalendar/list@npm:~5.11.3":
  version: 5.11.5
  resolution: "@fullcalendar/list@npm:5.11.5"
  dependencies:
    "@fullcalendar/common": "npm:~5.11.5"
    tslib: "npm:^2.1.0"
  checksum: 10c0/5a56489b368b7f0d7343afa141c6399e76e6b5afd7be7a46c955ed28739a6530fda70737b8a269b41300d405bf7b1f47f1d94bc71fe319a97a4c39b11f548f21
  languageName: node
  linkType: hard

"@fullcalendar/moment-timezone@npm:~5.11.3":
  version: 5.11.5
  resolution: "@fullcalendar/moment-timezone@npm:5.11.5"
  dependencies:
    "@fullcalendar/common": "npm:~5.11.5"
    tslib: "npm:^2.1.0"
  peerDependencies:
    moment: ^2.29.1
    moment-timezone: ^0.5.31
  checksum: 10c0/c4b7caf98d2745bf3a9f7a1d03c02d1bbf4f9b8fa0f2982ada0df7ed2a1300aa7bb4f80943520c657ebd6f252f60afc21ca879554c188d9fd97c3038c9733352
  languageName: node
  linkType: hard

"@fullcalendar/moment@npm:~5.11.3":
  version: 5.11.5
  resolution: "@fullcalendar/moment@npm:5.11.5"
  dependencies:
    "@fullcalendar/common": "npm:~5.11.5"
    tslib: "npm:^2.1.0"
  peerDependencies:
    moment: ^2.29.1
  checksum: 10c0/25e3324a5bdfe744c86118b882f55ee99ddb0d821efb64d0b17ead36b7f8086ec393b96fc1358c6210e8321d8e49c7e58f8490ab498a6b24713b732220f03dd5
  languageName: node
  linkType: hard

"@fullcalendar/timegrid@npm:~5.11.3":
  version: 5.11.5
  resolution: "@fullcalendar/timegrid@npm:5.11.5"
  dependencies:
    "@fullcalendar/common": "npm:~5.11.5"
    "@fullcalendar/daygrid": "npm:~5.11.5"
    tslib: "npm:^2.1.0"
  checksum: 10c0/c105c16d07a38d9e6f03e1fb12cae4e521cc2dc252963e2226360fc0e6fabc519e8e35976f4bf0dc549cd78ba7f8d01f4eec7701152ee8836414843b271d1a54
  languageName: node
  linkType: hard

"@kurkle/color@npm:^0.3.0":
  version: 0.3.2
  resolution: "@kurkle/color@npm:0.3.2"
  checksum: 10c0/a9e8e3e35dcd59dec4dd4f0105919c05e24823a96347bcf152965c29e48d6290b66d5fb96c071875db752e10930724c48ce6d338fefbd65e0ce5082d5c78970e
  languageName: node
  linkType: hard

"@types/jquery@npm:~3.5.32":
  version: 3.5.32
  resolution: "@types/jquery@npm:3.5.32"
  dependencies:
    "@types/sizzle": "npm:*"
  checksum: 10c0/4a17ad6819b89026c21323656ab01b0b263f9d470910a87c8740920ff98319d503c7352b85b50134a39724ecbfccabc73aa4c741dfdd460cf8bbe714f9259054
  languageName: node
  linkType: hard

"@types/sizzle@npm:*":
  version: 2.3.9
  resolution: "@types/sizzle@npm:2.3.9"
  checksum: 10c0/db0277ff62e8ebe6cdae2020fd045fd7fd19f29a3a2ce13c555b14fb00e105e79004883732118b9f2e8b943cb302645e9eddb4e7bdeef1a171da679cd4c32b72
  languageName: node
  linkType: hard

"chart.js@npm:~4.4.6":
  version: 4.4.6
  resolution: "chart.js@npm:4.4.6"
  dependencies:
    "@kurkle/color": "npm:^0.3.0"
  checksum: 10c0/456d16a030c35fa16182945e91d4fdd89510343454309b783f5e060ea89baaed3bc9b43d2d9b3acadd385e5921718e27ed2fcae8b5efa277d27bc4da4af639f2
  languageName: node
  linkType: hard

"chartjs-adapter-moment@npm:~1.0.1":
  version: 1.0.1
  resolution: "chartjs-adapter-moment@npm:1.0.1"
  peerDependencies:
    chart.js: ">=3.0.0"
    moment: ^2.10.2
  checksum: 10c0/9c7ddc6ebf5741c334464bb6a72629afce7b1fa1480e39d926f836bc03f9bb21cd99edc74acb6a8a7faeb3ea06afa8904af95d2f571912ce65f35c5c014b5b03
  languageName: node
  linkType: hard

"chartjs-plugin-zoom@npm:~2.0.1":
  version: 2.0.1
  resolution: "chartjs-plugin-zoom@npm:2.0.1"
  dependencies:
    hammerjs: "npm:^2.0.8"
  peerDependencies:
    chart.js: ">=3.2.0"
  checksum: 10c0/e45a2f658e536283e345227d20029c140b740c7104298ac6251e7c80f7d3acd0e9f976676962e1e80967d590fe9d2e4585ff4c85157bd9104f9c031bfc5308f1
  languageName: node
  linkType: hard

"cropperjs@npm:~1.5.13":
  version: 1.5.13
  resolution: "cropperjs@npm:1.5.13"
  checksum: 10c0/9c66807d4fe7056747d2d284cefadf5c27075c732df9cef0902c5fd556d41903b8783fc3c05e1fcd6d4b1efe4c1022c78dded6c7873032349abee0164a16949b
  languageName: node
  linkType: hard

"esbuild@npm:~0.24.0":
  version: 0.24.0
  resolution: "esbuild@npm:0.24.0"
  dependencies:
    "@esbuild/aix-ppc64": "npm:0.24.0"
    "@esbuild/android-arm": "npm:0.24.0"
    "@esbuild/android-arm64": "npm:0.24.0"
    "@esbuild/android-x64": "npm:0.24.0"
    "@esbuild/darwin-arm64": "npm:0.24.0"
    "@esbuild/darwin-x64": "npm:0.24.0"
    "@esbuild/freebsd-arm64": "npm:0.24.0"
    "@esbuild/freebsd-x64": "npm:0.24.0"
    "@esbuild/linux-arm": "npm:0.24.0"
    "@esbuild/linux-arm64": "npm:0.24.0"
    "@esbuild/linux-ia32": "npm:0.24.0"
    "@esbuild/linux-loong64": "npm:0.24.0"
    "@esbuild/linux-mips64el": "npm:0.24.0"
    "@esbuild/linux-ppc64": "npm:0.24.0"
    "@esbuild/linux-riscv64": "npm:0.24.0"
    "@esbuild/linux-s390x": "npm:0.24.0"
    "@esbuild/linux-x64": "npm:0.24.0"
    "@esbuild/netbsd-x64": "npm:0.24.0"
    "@esbuild/openbsd-arm64": "npm:0.24.0"
    "@esbuild/openbsd-x64": "npm:0.24.0"
    "@esbuild/sunos-x64": "npm:0.24.0"
    "@esbuild/win32-arm64": "npm:0.24.0"
    "@esbuild/win32-ia32": "npm:0.24.0"
    "@esbuild/win32-x64": "npm:0.24.0"
  dependenciesMeta:
    "@esbuild/aix-ppc64":
      optional: true
    "@esbuild/android-arm":
      optional: true
    "@esbuild/android-arm64":
      optional: true
    "@esbuild/android-x64":
      optional: true
    "@esbuild/darwin-arm64":
      optional: true
    "@esbuild/darwin-x64":
      optional: true
    "@esbuild/freebsd-arm64":
      optional: true
    "@esbuild/freebsd-x64":
      optional: true
    "@esbuild/linux-arm":
      optional: true
    "@esbuild/linux-arm64":
      optional: true
    "@esbuild/linux-ia32":
      optional: true
    "@esbuild/linux-loong64":
      optional: true
    "@esbuild/linux-mips64el":
      optional: true
    "@esbuild/linux-ppc64":
      optional: true
    "@esbuild/linux-riscv64":
      optional: true
    "@esbuild/linux-s390x":
      optional: true
    "@esbuild/linux-x64":
      optional: true
    "@esbuild/netbsd-x64":
      optional: true
    "@esbuild/openbsd-arm64":
      optional: true
    "@esbuild/openbsd-x64":
      optional: true
    "@esbuild/sunos-x64":
      optional: true
    "@esbuild/win32-arm64":
      optional: true
    "@esbuild/win32-ia32":
      optional: true
    "@esbuild/win32-x64":
      optional: true
  bin:
    esbuild: bin/esbuild
  checksum: 10c0/9f1aadd8d64f3bff422ae78387e66e51a5e09de6935a6f987b6e4e189ed00fdc2d1bc03d2e33633b094008529c8b6e06c7ad1a9782fb09fec223bf95998c0683
  languageName: node
  linkType: hard

"eve-raphael@npm:0.5.0":
  version: 0.5.0
  resolution: "eve-raphael@npm:0.5.0"
  checksum: 10c0/59e85704181c63c38fc084f478e64bc92771c444391162b8407bf72a65bb5f1b8c7ba03364bfd28dae5b9bce0eb4c970758c66bd9f6d9411f035d138a7bf5518
  languageName: node
  linkType: hard

"eventemitter3@npm:^5.0.1":
  version: 5.0.1
  resolution: "eventemitter3@npm:5.0.1"
  checksum: 10c0/4ba5c00c506e6c786b4d6262cfbce90ddc14c10d4667e5c83ae993c9de88aa856033994dd2b35b83e8dc1170e224e66a319fa80adc4c32adcd2379bbc75da814
  languageName: node
  linkType: hard

"fast-diff@npm:^1.3.0":
  version: 1.3.0
  resolution: "fast-diff@npm:1.3.0"
  checksum: 10c0/5c19af237edb5d5effda008c891a18a585f74bf12953be57923f17a3a4d0979565fc64dbc73b9e20926b9d895f5b690c618cbb969af0cf022e3222471220ad29
  languageName: node
  linkType: hard

"hammerjs@npm:^2.0.8, hammerjs@npm:~2.0.8":
  version: 2.0.8
  resolution: "hammerjs@npm:2.0.8"
  checksum: 10c0/5c95e5774b5ea49492cb3fa8f1949aea67048a0b84af33acb555e7139abfcf3c83aca2b83e0c5008755bc230166df7b5e469d1e3eb6746c48f215f3672609fed
  languageName: node
  linkType: hard

"jquery-cropper@npm:1.0.0":
  version: 1.0.0
  resolution: "jquery-cropper@npm:1.0.0"
  peerDependencies:
    cropperjs: ">= 1.0.0"
    jquery: ">= 1.9.1"
  checksum: 10c0/67c4483abb17b30fe210de9ccca43a9e23c3176b1d1cfc4b264cbfc252b2b9b327ca6f8073227f073e6cb00ef72f83b074cb188b962d5e50855e632054b49d25
  languageName: node
  linkType: hard

"jquery-cropper@patch:jquery-cropper@npm%3A1.0.0#~/.yarn/patches/jquery-cropper-npm-1.0.0-148aa161fe.patch":
  version: 1.0.0
  resolution: "jquery-cropper@patch:jquery-cropper@npm%3A1.0.0#~/.yarn/patches/jquery-cropper-npm-1.0.0-148aa161fe.patch::version=1.0.0&hash=be759a"
  peerDependencies:
    cropperjs: ">= 1.0.0"
    jquery: ">= 1.9.1"
  checksum: 10c0/64c3ae599fca1ac922c1a542eb66c3dd8e7cb3a70c275d846a3db23b9bdd461a762f23d0e3f6aaccbf903f60d3fd3e265e7e1c841419644024fb1a648d53c9fd
  languageName: node
  linkType: hard

"jquery@npm:~4.0.0-beta.2":
  version: 4.0.0-beta.2
  resolution: "jquery@npm:4.0.0-beta.2"
  checksum: 10c0/046f3f325b512da31f87fcdddfe27f53df496f01f5c4f76f8906cddc152757f906f5bf6cb6c6ac8e31036ddcf89fde2a9f95b106b35fda3396db4d8c5921a10e
  languageName: node
  linkType: hard

"js-cookie@npm:~3.0.5":
  version: 3.0.5
  resolution: "js-cookie@npm:3.0.5"
  checksum: 10c0/04a0e560407b4489daac3a63e231d35f4e86f78bff9d792011391b49c59f721b513411cd75714c418049c8dc9750b20fcddad1ca5a2ca616c3aca4874cce5b3a
  languageName: node
  linkType: hard

"lodash-es@npm:^4.17.21":
  version: 4.17.21
  resolution: "lodash-es@npm:4.17.21"
  checksum: 10c0/fb407355f7e6cd523a9383e76e6b455321f0f153a6c9625e21a8827d10c54c2a2341bd2ae8d034358b60e07325e1330c14c224ff582d04612a46a4f0479ff2f2
  languageName: node
  linkType: hard

"lodash.clonedeep@npm:^4.5.0":
  version: 4.5.0
  resolution: "lodash.clonedeep@npm:4.5.0"
  checksum: 10c0/2caf0e4808f319d761d2939ee0642fa6867a4bbf2cfce43276698828380756b99d4c4fa226d881655e6ac298dd453fe12a5ec8ba49861777759494c534936985
  languageName: node
  linkType: hard

"lodash.isequal@npm:^4.5.0":
  version: 4.5.0
  resolution: "lodash.isequal@npm:4.5.0"
  checksum: 10c0/dfdb2356db19631a4b445d5f37868a095e2402292d59539a987f134a8778c62a2810c2452d11ae9e6dcac71fc9de40a6fedcb20e2952a15b431ad8b29e50e28f
  languageName: node
  linkType: hard

"moment-jdateformatparser@npm:~1.2.1":
  version: 1.2.1
  resolution: "moment-jdateformatparser@npm:1.2.1"
  checksum: 10c0/a51b413d57c8819439d472c3f1c2fff34d3d42622d1feb89212d87f0a97e680e0346da28d56e6466aa9bdc9e26f45e888befb827cfc2984855d02480118b8165
  languageName: node
  linkType: hard

"moment-timezone@npm:~0.5.45":
  version: 0.5.46
  resolution: "moment-timezone@npm:0.5.46"
  dependencies:
    moment: "npm:^2.29.4"
  checksum: 10c0/003fd278d1aa3e63afff340a318735db80157b7a343e3f807cac10e026def214f0e71b52d582b89a11ee0a19f5d9f0da2752b7959d855429f2b715d4859d3722
  languageName: node
  linkType: hard

"moment@npm:^2.29.4, moment@npm:~2.30.1":
  version: 2.30.1
  resolution: "moment@npm:2.30.1"
  checksum: 10c0/865e4279418c6de666fca7786607705fd0189d8a7b7624e2e56be99290ac846f90878a6f602e34b4e0455c549b85385b1baf9966845962b313699e7cb847543a
  languageName: node
  linkType: hard

"parchment@npm:^3.0.0":
  version: 3.0.0
  resolution: "parchment@npm:3.0.0"
  checksum: 10c0/83cc55756a899d6769e42b345ae55738f7e93f9027bb0095f518bc75b81d44ba2b69a76bc25f259974d972f8e250066419c3f92e3ded7518f144fc9c1b47430d
  languageName: node
  linkType: hard

"preact@npm:~10.12.1":
  version: 10.12.1
  resolution: "preact@npm:10.12.1"
  checksum: 10c0/c77a55e897dcf298b7aa13637fed29744d3cf6c083f2832856e8551dbf27303c8b6946569736de16b05cba15c0e44ad404beb236ad9e36583a6fc5e2efad7777
  languageName: node
  linkType: hard

"primefaces@workspace:.":
  version: 0.0.0-use.local
  resolution: "primefaces@workspace:."
  dependencies:
    "@fullcalendar/core": "npm:~5.11.3"
    "@fullcalendar/daygrid": "npm:~5.11.3"
    "@fullcalendar/interaction": "npm:~5.11.3"
    "@fullcalendar/list": "npm:~5.11.3"
    "@fullcalendar/moment": "npm:~5.11.3"
    "@fullcalendar/moment-timezone": "npm:~5.11.3"
    "@fullcalendar/timegrid": "npm:~5.11.3"
    "@types/jquery": "npm:~3.5.32"
    chart.js: "npm:~4.4.6"
    chartjs-adapter-moment: "npm:~1.0.1"
    chartjs-plugin-zoom: "npm:~2.0.1"
    cropperjs: "npm:~1.5.13"
    esbuild: "npm:~0.24.0"
    hammerjs: "npm:~2.0.8"
    jquery: "npm:~4.0.0-beta.2"
    jquery-cropper: "patch:jquery-cropper@npm%3A1.0.0#~/.yarn/patches/jquery-cropper-npm-1.0.0-148aa161fe.patch"
    js-cookie: "npm:~3.0.5"
    moment: "npm:~2.30.1"
    moment-jdateformatparser: "npm:~1.2.1"
    moment-timezone: "npm:~0.5.45"
    quill: "npm:~2.0.2"
    raphael: "npm:~2.3.0"
    typescript: "npm:~5.6.3"
    webcamjs: "patch:webcamjs@npm%3A1.0.26#~/.yarn/patches/webcamjs-npm-1.0.26-e450e6a36f.patch"
  languageName: unknown
  linkType: soft

"quill-delta@npm:^5.1.0":
  version: 5.1.0
  resolution: "quill-delta@npm:5.1.0"
  dependencies:
    fast-diff: "npm:^1.3.0"
    lodash.clonedeep: "npm:^4.5.0"
    lodash.isequal: "npm:^4.5.0"
  checksum: 10c0/a99462b96177f4559e5a659be0f51bbfe090c11b61c53aa19afabd3fdf8a6495173bbacd84b75acce680ed7c157a024907e74ff077ddd6a135b4da15bf71ada2
  languageName: node
  linkType: hard

"quill@npm:~2.0.2":
  version: 2.0.2
  resolution: "quill@npm:2.0.2"
  dependencies:
    eventemitter3: "npm:^5.0.1"
    lodash-es: "npm:^4.17.21"
    parchment: "npm:^3.0.0"
    quill-delta: "npm:^5.1.0"
  checksum: 10c0/6d680a87b683041524ea3dcb2a04a9620562e36367bcd0492fc4c1db66238375ac76a65c5e89ef1eb65e7aacd8c1a49b04cef48feeb5d52b4fc8d91a07d0ec8f
  languageName: node
  linkType: hard

"raphael@npm:~2.3.0":
  version: 2.3.0
  resolution: "raphael@npm:2.3.0"
  dependencies:
    eve-raphael: "npm:0.5.0"
  checksum: 10c0/187dccb25eefba5680af5e641e73b7e5343532fc1bb7ee3910da519af87867b7d768264e2071ead68800ce1dbec59ab3a1a30fe1f2c2a546d541a16694f083c9
  languageName: node
  linkType: hard

"tslib@npm:^2.1.0":
  version: 2.8.1
  resolution: "tslib@npm:2.8.1"
  checksum: 10c0/9c4759110a19c53f992d9aae23aac5ced636e99887b51b9e61def52611732872ff7668757d4e4c61f19691e36f4da981cd9485e869b4a7408d689f6bf1f14e62
  languageName: node
  linkType: hard

"typescript@npm:~5.6.3":
  version: 5.6.3
  resolution: "typescript@npm:5.6.3"
  bin:
    tsc: bin/tsc
    tsserver: bin/tsserver
  checksum: 10c0/44f61d3fb15c35359bc60399cb8127c30bae554cd555b8e2b46d68fa79d680354b83320ad419ff1b81a0bdf324197b29affe6cc28988cd6a74d4ac60c94f9799
  languageName: node
  linkType: hard

"typescript@patch:typescript@npm%3A~5.6.3#optional!builtin<compat/typescript>":
  version: 5.6.3
  resolution: "typescript@patch:typescript@npm%3A5.6.3#optional!builtin<compat/typescript>::version=5.6.3&hash=8c6c40"
  bin:
    tsc: bin/tsc
    tsserver: bin/tsserver
  checksum: 10c0/7c9d2e07c81226d60435939618c91ec2ff0b75fbfa106eec3430f0fcf93a584bc6c73176676f532d78c3594fe28a54b36eb40b3d75593071a7ec91301533ace7
  languageName: node
  linkType: hard

"webcamjs@npm:1.0.26":
  version: 1.0.26
  resolution: "webcamjs@npm:1.0.26"
  checksum: 10c0/f71d567f2b29c569f7407bca898a603a624d5701eb3b4bb11f3f68573ac1f5e6ffc3234ae3593735dfd2fbdf2ab63777c8041a52eaae86528f018387b47793d0
  languageName: node
  linkType: hard

"webcamjs@patch:webcamjs@npm%3A1.0.26#~/.yarn/patches/webcamjs-npm-1.0.26-e450e6a36f.patch":
  version: 1.0.26
  resolution: "webcamjs@patch:webcamjs@npm%3A1.0.26#~/.yarn/patches/webcamjs-npm-1.0.26-e450e6a36f.patch::version=1.0.26&hash=3df871"
  checksum: 10c0/20df01468d6d3d4b6844ea96db55723194ae306e7f1af84bf5c157d292dbc6ee5446a9b67cc8a9d99933a9f4b6996da26e6ff40775b8e7d06ee3d539931a759a
  languageName: node
  linkType: hard
