# This file is generated by running "yarn install" inside your project.
# Manual changes might be lost - proceed with caution!

__metadata:
  version: 8
  cacheKey: 10c0

"@egjs/hammerjs@npm:2.0.17":
  version: 2.0.17
  resolution: "@egjs/hammerjs@npm:2.0.17"
  dependencies:
    "@types/hammerjs": "npm:^2.0.36"
  checksum: 10c0/dbedc15a0e633f887c08394bd636faf6a3abd05726dc0909a0e01209d5860a752d9eca5e512da623aecfabe665f49f1d035de3103eb2f9022c5cea692f9cc9be
  languageName: node
  linkType: hard

"@esbuild/aix-ppc64@npm:0.24.0":
  version: 0.24.0
  resolution: "@esbuild/aix-ppc64@npm:0.24.0"
  conditions: os=aix & cpu=ppc64
  languageName: node
  linkType: hard

"@esbuild/android-arm64@npm:0.24.0":
  version: 0.24.0
  resolution: "@esbuild/android-arm64@npm:0.24.0"
  conditions: os=android & cpu=arm64
  languageName: node
  linkType: hard

"@esbuild/android-arm@npm:0.24.0":
  version: 0.24.0
  resolution: "@esbuild/android-arm@npm:0.24.0"
  conditions: os=android & cpu=arm
  languageName: node
  linkType: hard

"@esbuild/android-x64@npm:0.24.0":
  version: 0.24.0
  resolution: "@esbuild/android-x64@npm:0.24.0"
  conditions: os=android & cpu=x64
  languageName: node
  linkType: hard

"@esbuild/darwin-arm64@npm:0.24.0":
  version: 0.24.0
  resolution: "@esbuild/darwin-arm64@npm:0.24.0"
  conditions: os=darwin & cpu=arm64
  languageName: node
  linkType: hard

"@esbuild/darwin-x64@npm:0.24.0":
  version: 0.24.0
  resolution: "@esbuild/darwin-x64@npm:0.24.0"
  conditions: os=darwin & cpu=x64
  languageName: node
  linkType: hard

"@esbuild/freebsd-arm64@npm:0.24.0":
  version: 0.24.0
  resolution: "@esbuild/freebsd-arm64@npm:0.24.0"
  conditions: os=freebsd & cpu=arm64
  languageName: node
  linkType: hard

"@esbuild/freebsd-x64@npm:0.24.0":
  version: 0.24.0
  resolution: "@esbuild/freebsd-x64@npm:0.24.0"
  conditions: os=freebsd & cpu=x64
  languageName: node
  linkType: hard

"@esbuild/linux-arm64@npm:0.24.0":
  version: 0.24.0
  resolution: "@esbuild/linux-arm64@npm:0.24.0"
  conditions: os=linux & cpu=arm64
  languageName: node
  linkType: hard

"@esbuild/linux-arm@npm:0.24.0":
  version: 0.24.0
  resolution: "@esbuild/linux-arm@npm:0.24.0"
  conditions: os=linux & cpu=arm
  languageName: node
  linkType: hard

"@esbuild/linux-ia32@npm:0.24.0":
  version: 0.24.0
  resolution: "@esbuild/linux-ia32@npm:0.24.0"
  conditions: os=linux & cpu=ia32
  languageName: node
  linkType: hard

"@esbuild/linux-loong64@npm:0.24.0":
  version: 0.24.0
  resolution: "@esbuild/linux-loong64@npm:0.24.0"
  conditions: os=linux & cpu=loong64
  languageName: node
  linkType: hard

"@esbuild/linux-mips64el@npm:0.24.0":
  version: 0.24.0
  resolution: "@esbuild/linux-mips64el@npm:0.24.0"
  conditions: os=linux & cpu=mips64el
  languageName: node
  linkType: hard

"@esbuild/linux-ppc64@npm:0.24.0":
  version: 0.24.0
  resolution: "@esbuild/linux-ppc64@npm:0.24.0"
  conditions: os=linux & cpu=ppc64
  languageName: node
  linkType: hard

"@esbuild/linux-riscv64@npm:0.24.0":
  version: 0.24.0
  resolution: "@esbuild/linux-riscv64@npm:0.24.0"
  conditions: os=linux & cpu=riscv64
  languageName: node
  linkType: hard

"@esbuild/linux-s390x@npm:0.24.0":
  version: 0.24.0
  resolution: "@esbuild/linux-s390x@npm:0.24.0"
  conditions: os=linux & cpu=s390x
  languageName: node
  linkType: hard

"@esbuild/linux-x64@npm:0.24.0":
  version: 0.24.0
  resolution: "@esbuild/linux-x64@npm:0.24.0"
  conditions: os=linux & cpu=x64
  languageName: node
  linkType: hard

"@esbuild/netbsd-x64@npm:0.24.0":
  version: 0.24.0
  resolution: "@esbuild/netbsd-x64@npm:0.24.0"
  conditions: os=netbsd & cpu=x64
  languageName: node
  linkType: hard

"@esbuild/openbsd-arm64@npm:0.24.0":
  version: 0.24.0
  resolution: "@esbuild/openbsd-arm64@npm:0.24.0"
  conditions: os=openbsd & cpu=arm64
  languageName: node
  linkType: hard

"@esbuild/openbsd-x64@npm:0.24.0":
  version: 0.24.0
  resolution: "@esbuild/openbsd-x64@npm:0.24.0"
  conditions: os=openbsd & cpu=x64
  languageName: node
  linkType: hard

"@esbuild/sunos-x64@npm:0.24.0":
  version: 0.24.0
  resolution: "@esbuild/sunos-x64@npm:0.24.0"
  conditions: os=sunos & cpu=x64
  languageName: node
  linkType: hard

"@esbuild/win32-arm64@npm:0.24.0":
  version: 0.24.0
  resolution: "@esbuild/win32-arm64@npm:0.24.0"
  conditions: os=win32 & cpu=arm64
  languageName: node
  linkType: hard

"@esbuild/win32-ia32@npm:0.24.0":
  version: 0.24.0
  resolution: "@esbuild/win32-ia32@npm:0.24.0"
  conditions: os=win32 & cpu=ia32
  languageName: node
  linkType: hard

"@esbuild/win32-x64@npm:0.24.0":
  version: 0.24.0
  resolution: "@esbuild/win32-x64@npm:0.24.0"
  conditions: os=win32 & cpu=x64
  languageName: node
  linkType: hard

"@fullcalendar/common@npm:~5.11.3, @fullcalendar/common@npm:~5.11.5":
  version: 5.11.5
  resolution: "@fullcalendar/common@npm:5.11.5"
  dependencies:
    tslib: "npm:^2.1.0"
  checksum: 10c0/320d7fcedb2a78f7d221669d2e3797abcd6f629a5b7448c33ec7f2baed6dbb02cfc8e677dc57632442c5c87952fb9db32c050e6940e50c0e91181c70082cbb15
  languageName: node
  linkType: hard

"@fullcalendar/core@npm:~5.11.3":
  version: 5.11.5
  resolution: "@fullcalendar/core@npm:5.11.5"
  dependencies:
    "@fullcalendar/common": "npm:~5.11.5"
    preact: "npm:~10.12.1"
    tslib: "npm:^2.1.0"
  checksum: 10c0/1cc8716fda4a113f2198765e18ec72a688f0afd2e362391d1f5959bf47dba47ca6e9af5db010c9be727e6b6a0e93fdc8bae9c3c78a07c3a82b0825306b646e39
  languageName: node
  linkType: hard

"@fullcalendar/daygrid@npm:~5.11.3, @fullcalendar/daygrid@npm:~5.11.5":
  version: 5.11.5
  resolution: "@fullcalendar/daygrid@npm:5.11.5"
  dependencies:
    "@fullcalendar/common": "npm:~5.11.5"
    tslib: "npm:^2.1.0"
  checksum: 10c0/e66efeeeffe8603187144dca27a642b68bb165cd32bf7aead7e42747d6793af9c57acdc3e870964328939dc515aed8cf539b203f0944aa1a6c37f35ecc2b911f
  languageName: node
  linkType: hard

"@fullcalendar/interaction@npm:~5.11.3":
  version: 5.11.5
  resolution: "@fullcalendar/interaction@npm:5.11.5"
  dependencies:
    "@fullcalendar/common": "npm:~5.11.5"
    tslib: "npm:^2.1.0"
  checksum: 10c0/e73a92d1d52724f0947ad1e41b397bdfe57fe528098bf61f64995308494803d3df24d4f53b78cb45ad41e58a38bddad7acd4a3e3ebf199f45f4431835dd78f88
  languageName: node
  linkType: hard

"@fullcalendar/list@npm:~5.11.3":
  version: 5.11.5
  resolution: "@fullcalendar/list@npm:5.11.5"
  dependencies:
    "@fullcalendar/common": "npm:~5.11.5"
    tslib: "npm:^2.1.0"
  checksum: 10c0/5a56489b368b7f0d7343afa141c6399e76e6b5afd7be7a46c955ed28739a6530fda70737b8a269b41300d405bf7b1f47f1d94bc71fe319a97a4c39b11f548f21
  languageName: node
  linkType: hard

"@fullcalendar/moment-timezone@npm:~5.11.3":
  version: 5.11.5
  resolution: "@fullcalendar/moment-timezone@npm:5.11.5"
  dependencies:
    "@fullcalendar/common": "npm:~5.11.5"
    tslib: "npm:^2.1.0"
  peerDependencies:
    moment: ^2.29.1
    moment-timezone: ^0.5.31
  checksum: 10c0/c4b7caf98d2745bf3a9f7a1d03c02d1bbf4f9b8fa0f2982ada0df7ed2a1300aa7bb4f80943520c657ebd6f252f60afc21ca879554c188d9fd97c3038c9733352
  languageName: node
  linkType: hard

"@fullcalendar/moment@npm:~5.11.3":
  version: 5.11.5
  resolution: "@fullcalendar/moment@npm:5.11.5"
  dependencies:
    "@fullcalendar/common": "npm:~5.11.5"
    tslib: "npm:^2.1.0"
  peerDependencies:
    moment: ^2.29.1
  checksum: 10c0/25e3324a5bdfe744c86118b882f55ee99ddb0d821efb64d0b17ead36b7f8086ec393b96fc1358c6210e8321d8e49c7e58f8490ab498a6b24713b732220f03dd5
  languageName: node
  linkType: hard

"@fullcalendar/timegrid@npm:~5.11.3":
  version: 5.11.5
  resolution: "@fullcalendar/timegrid@npm:5.11.5"
  dependencies:
    "@fullcalendar/common": "npm:~5.11.5"
    "@fullcalendar/daygrid": "npm:~5.11.5"
    tslib: "npm:^2.1.0"
  checksum: 10c0/c105c16d07a38d9e6f03e1fb12cae4e521cc2dc252963e2226360fc0e6fabc519e8e35976f4bf0dc549cd78ba7f8d01f4eec7701152ee8836414843b271d1a54
  languageName: node
  linkType: hard

"@kurkle/color@npm:^0.3.0":
  version: 0.3.2
  resolution: "@kurkle/color@npm:0.3.2"
  checksum: 10c0/a9e8e3e35dcd59dec4dd4f0105919c05e24823a96347bcf152965c29e48d6290b66d5fb96c071875db752e10930724c48ce6d338fefbd65e0ce5082d5c78970e
  languageName: node
  linkType: hard

"@melloware/coloris@npm:0.24.0":
  version: 0.24.0
  resolution: "@melloware/coloris@npm:0.24.0"
  checksum: 10c0/253a24d70b4d9c3a1b13547dd143f0ce25637d9f78aa1de1bd30e398e6702f022740b34a852da31d47b30c42ffbda7966fd0377512a8f8436782109d98c1b1ef
  languageName: node
  linkType: hard

"@primefaces/primefaces@workspace:.":
  version: 0.0.0-use.local
  resolution: "@primefaces/primefaces@workspace:."
  dependencies:
    "@egjs/hammerjs": "npm:2.0.17"
    "@fullcalendar/common": "npm:~5.11.3"
    "@fullcalendar/core": "npm:~5.11.3"
    "@fullcalendar/daygrid": "npm:~5.11.3"
    "@fullcalendar/interaction": "npm:~5.11.3"
    "@fullcalendar/list": "npm:~5.11.3"
    "@fullcalendar/moment": "npm:~5.11.3"
    "@fullcalendar/moment-timezone": "npm:~5.11.3"
    "@fullcalendar/timegrid": "npm:~5.11.3"
    "@melloware/coloris": "npm:0.24.0"
    "@rwap/jquery-ui-touch-punch": "npm:1.1.5"
    "@types/inputmask": "npm:5.0.7"
    "@types/jquery": "npm:3.5.32"
    autonumeric: "npm:4.10.7"
    autosize: "npm:6.0.1"
    blueimp-file-upload: "patch:blueimp-file-upload@npm%3A10.32.0#~/.yarn/patches/blueimp-file-upload-npm-10.32.0-61b944a244.patch"
    chart.js: "npm:4.4.6"
    chartjs-adapter-moment: "npm:1.0.1"
    chartjs-plugin-zoom: "npm:2.0.1"
    component-emitter: "npm:1.3.0"
    cropperjs: "npm:1.5.13"
    downloadjs: "patch:downloadjs@npm%3A1.4.7#~/.yarn/patches/downloadjs-npm-1.4.7-952a4ef987.patch"
    esbuild: "npm:0.24.0"
    hammerjs: "npm:2.0.8"
    inputmask: "npm:5.0.10-beta.5"
    jquery: "npm:^4.0.0-beta.2"
    jquery-cropper: "patch:jquery-cropper@npm%3A1.0.0#~/.yarn/patches/jquery-cropper-npm-1.0.0-148aa161fe.patch"
    jquery-mousewheel: "patch:jquery-mousewheel@npm%3A3.1.13#~/.yarn/patches/jquery-mousewheel-npm-3.1.13-854d2918be.patch"
    jquery-touchswipe: "npm:1.6.19"
    jquery-ui: "patch:jquery-ui@npm%3A1.14.1#~/.yarn/patches/jquery-ui-npm-1.14.1-ce85202c00.patch"
    jquery-ui-timepicker-addon: "patch:jquery-ui-timepicker-addon@npm%3A1.6.3#~/.yarn/patches/jquery-ui-timepicker-addon-npm-1.6.3-b43c27b305.patch"
    jquery.browser: "npm:0.1.0"
    js-cookie: "npm:3.0.5"
    jscrollpane: "patch:jscrollpane@npm%3A2.2.3-rc.2#~/.yarn/patches/jscrollpane-npm-2.2.3-rc.2-173a004b4f.patch"
    jsplumb: "npm:2.15.6"
    keycharm: "npm:0.4.0"
    moment: "npm:2.30.1"
    moment-jdateformatparser: "npm:1.2.1"
    moment-timezone: "npm:0.5.45"
    propagating-hammerjs: "npm:2.0.1"
    quill: "npm:2.0.2"
    rangyinputs: "npm:1.2.0"
    raphael: "npm:2.3.0"
    typescript: "npm:5.6.3"
    uuid: "npm:9.0.1"
    vis-data: "npm:7.1.9"
    vis-timeline: "npm:7.7.3"
    vis-util: "npm:5.0.7"
    webcamjs: "patch:webcamjs@npm%3A1.0.26#~/.yarn/patches/webcamjs-npm-1.0.26-e450e6a36f.patch"
    xss: "npm:1.0.15"
  languageName: unknown
  linkType: soft

"@rwap/jquery-ui-touch-punch@npm:1.1.5":
  version: 1.1.5
  resolution: "@rwap/jquery-ui-touch-punch@npm:1.1.5"
  dependencies:
    jquery-ui: "npm:>=1.8"
  checksum: 10c0/01b880bc0292afad65e55168da00b455865aa3fa1f5310343f06e9966d2c8f8aff2eaf786a599e86f8bca447f06533b27dfc57b645e29fdd3e928f57f69ae25f
  languageName: node
  linkType: hard

"@types/hammerjs@npm:^2.0.36":
  version: 2.0.46
  resolution: "@types/hammerjs@npm:2.0.46"
  checksum: 10c0/f3c1cb20dc2f0523f7b8c76065078544d50d8ae9b0edc1f62fed657210ed814266ff2dfa835d2c157a075991001eec3b64c88bf92e3e6e895c0db78d05711d06
  languageName: node
  linkType: hard

"@types/inputmask@npm:5.0.7":
  version: 5.0.7
  resolution: "@types/inputmask@npm:5.0.7"
  checksum: 10c0/791bf836f0e7fa4d424ce10b9dd6428672043b3769371f329ed26a866adb40448714dd25bc92ff4a9676f89b69c5ba0dd67fb27a97a5eee80f3ca20db63f0001
  languageName: node
  linkType: hard

"@types/jquery@npm:3.5.32":
  version: 3.5.32
  resolution: "@types/jquery@npm:3.5.32"
  dependencies:
    "@types/sizzle": "npm:*"
  checksum: 10c0/4a17ad6819b89026c21323656ab01b0b263f9d470910a87c8740920ff98319d503c7352b85b50134a39724ecbfccabc73aa4c741dfdd460cf8bbe714f9259054
  languageName: node
  linkType: hard

"@types/sizzle@npm:*":
  version: 2.3.9
  resolution: "@types/sizzle@npm:2.3.9"
  checksum: 10c0/db0277ff62e8ebe6cdae2020fd045fd7fd19f29a3a2ce13c555b14fb00e105e79004883732118b9f2e8b943cb302645e9eddb4e7bdeef1a171da679cd4c32b72
  languageName: node
  linkType: hard

"autonumeric@npm:4.10.7":
  version: 4.10.7
  resolution: "autonumeric@npm:4.10.7"
  checksum: 10c0/6f04d167d768255f5f4bb8152ffabbcec575ff77aed824021e4956b4e7ad4d1a38a38fb9805cf5a04ae11a7200867438f1262141b5b6232762b7dcc31d08be47
  languageName: node
  linkType: hard

"autosize@npm:6.0.1":
  version: 6.0.1
  resolution: "autosize@npm:6.0.1"
  checksum: 10c0/7d1b9823443c2cc3fc962a7c20ec60d62db6a98c889a39f71495b48decbfda2463e6561fb7a748f069d6778e419f2fa1a7ecd09baa02dc33c4a209f777da9ac8
  languageName: node
  linkType: hard

"blueimp-canvas-to-blob@npm:3":
  version: 3.29.0
  resolution: "blueimp-canvas-to-blob@npm:3.29.0"
  checksum: 10c0/6c44cf20aa8287d4b31b2a6133074add338e4b8de092d2f7072a48cd5e04dead04814ffd34607f71dd7b3a285b5c8322c2e8c17776cfa20a1357df395862d646
  languageName: node
  linkType: hard

"blueimp-file-upload@npm:10.32.0":
  version: 10.32.0
  resolution: "blueimp-file-upload@npm:10.32.0"
  dependencies:
    blueimp-canvas-to-blob: "npm:3"
    blueimp-load-image: "npm:5"
    blueimp-tmpl: "npm:3"
  peerDependencies:
    jquery: ">=1.7"
  dependenciesMeta:
    blueimp-canvas-to-blob:
      optional: true
    blueimp-load-image:
      optional: true
    blueimp-tmpl:
      optional: true
  checksum: 10c0/1dd563f41c5cb231a94b0dc5d809b37c4fae8e83632aadd4bba74684d713a998f6330d30e217bc9dea80549d9fd8ed599078330e56f05dd6c19ff66b3c36382f
  languageName: node
  linkType: hard

"blueimp-file-upload@patch:blueimp-file-upload@npm%3A10.32.0#~/.yarn/patches/blueimp-file-upload-npm-10.32.0-61b944a244.patch":
  version: 10.32.0
  resolution: "blueimp-file-upload@patch:blueimp-file-upload@npm%3A10.32.0#~/.yarn/patches/blueimp-file-upload-npm-10.32.0-61b944a244.patch::version=10.32.0&hash=c70680"
  dependencies:
    blueimp-canvas-to-blob: "npm:3"
    blueimp-load-image: "npm:5"
    blueimp-tmpl: "npm:3"
  peerDependencies:
    jquery: ">=1.7"
  dependenciesMeta:
    blueimp-canvas-to-blob:
      optional: true
    blueimp-load-image:
      optional: true
    blueimp-tmpl:
      optional: true
  checksum: 10c0/48a69c3a79c8f97cf53cefed6e1fee6c836db8f9ab89dfb0a74bb0eec328a9708eb70ee2e492395543bbc5204f0ffc5020c69cb0c2303853270658f18df18bfc
  languageName: node
  linkType: hard

"blueimp-load-image@npm:5":
  version: 5.16.0
  resolution: "blueimp-load-image@npm:5.16.0"
  checksum: 10c0/17d37d811ec6778f494fbaf62414ae7b470412106c17a6ebc9805d95c3cf4f88c31f5609cd51b007076e247b99088c6ed157eee9f5e247e03482cbc2951e1611
  languageName: node
  linkType: hard

"blueimp-tmpl@npm:3":
  version: 3.20.0
  resolution: "blueimp-tmpl@npm:3.20.0"
  bin:
    tmpl.js: js/compile.js
  checksum: 10c0/02984cf13be502fde3dc27d94af0e568e3b284c68d634fef703b4cb64a249adaabba821927987ec6c65cbf5a96ae4148725f1d5f04330a5d87a3986744806dab
  languageName: node
  linkType: hard

"chart.js@npm:4.4.6":
  version: 4.4.6
  resolution: "chart.js@npm:4.4.6"
  dependencies:
    "@kurkle/color": "npm:^0.3.0"
  checksum: 10c0/456d16a030c35fa16182945e91d4fdd89510343454309b783f5e060ea89baaed3bc9b43d2d9b3acadd385e5921718e27ed2fcae8b5efa277d27bc4da4af639f2
  languageName: node
  linkType: hard

"chartjs-adapter-moment@npm:1.0.1":
  version: 1.0.1
  resolution: "chartjs-adapter-moment@npm:1.0.1"
  peerDependencies:
    chart.js: ">=3.0.0"
    moment: ^2.10.2
  checksum: 10c0/9c7ddc6ebf5741c334464bb6a72629afce7b1fa1480e39d926f836bc03f9bb21cd99edc74acb6a8a7faeb3ea06afa8904af95d2f571912ce65f35c5c014b5b03
  languageName: node
  linkType: hard

"chartjs-plugin-zoom@npm:2.0.1":
  version: 2.0.1
  resolution: "chartjs-plugin-zoom@npm:2.0.1"
  dependencies:
    hammerjs: "npm:^2.0.8"
  peerDependencies:
    chart.js: ">=3.2.0"
  checksum: 10c0/e45a2f658e536283e345227d20029c140b740c7104298ac6251e7c80f7d3acd0e9f976676962e1e80967d590fe9d2e4585ff4c85157bd9104f9c031bfc5308f1
  languageName: node
  linkType: hard

"commander@npm:^2.20.3":
  version: 2.20.3
  resolution: "commander@npm:2.20.3"
  checksum: 10c0/74c781a5248c2402a0a3e966a0a2bba3c054aad144f5c023364be83265e796b20565aa9feff624132ff629aa64e16999fa40a743c10c12f7c61e96a794b99288
  languageName: node
  linkType: hard

"component-emitter@npm:1.3.0":
  version: 1.3.0
  resolution: "component-emitter@npm:1.3.0"
  checksum: 10c0/68774a0a3754fb6c0ba53c2e88886dfbd0c773931066abb1d7fd1b0c893b2a838d8f088ab4dca1f18cc1a4fc2e6932019eba3ded2d931b5ba2241ce40e93a24f
  languageName: node
  linkType: hard

"cropperjs@npm:1.5.13":
  version: 1.5.13
  resolution: "cropperjs@npm:1.5.13"
  checksum: 10c0/9c66807d4fe7056747d2d284cefadf5c27075c732df9cef0902c5fd556d41903b8783fc3c05e1fcd6d4b1efe4c1022c78dded6c7873032349abee0164a16949b
  languageName: node
  linkType: hard

"cssfilter@npm:0.0.10":
  version: 0.0.10
  resolution: "cssfilter@npm:0.0.10"
  checksum: 10c0/478a227a616fb6e9bb338eb95f690df141b86231ec737cbea574484f31a09a51db894b4921afc4987459dae08d584355fd689ff2a7a7c7a74de4bb4c072ce553
  languageName: node
  linkType: hard

"downloadjs@npm:1.4.7":
  version: 1.4.7
  resolution: "downloadjs@npm:1.4.7"
  checksum: 10c0/a89af5fc0b0034402ca2d58c8a09e2baaabdd6b7be47bf227755f50bddd3463eae1abaab6bf68b9b4814ce7cc39d63af9066df8a94c5269a30e75eb57c622f38
  languageName: node
  linkType: hard

"downloadjs@patch:downloadjs@npm%3A1.4.7#~/.yarn/patches/downloadjs-npm-1.4.7-952a4ef987.patch":
  version: 1.4.7
  resolution: "downloadjs@patch:downloadjs@npm%3A1.4.7#~/.yarn/patches/downloadjs-npm-1.4.7-952a4ef987.patch::version=1.4.7&hash=eac078"
  checksum: 10c0/f8f7aa0044b6ee6a41fbcd4df0d06dbcccb2a8a040255b6ce9274149bd86ca0fed67d85e7123301245fdde4314b1467ce8f876336f223a32e0bf67b7bdb3c11b
  languageName: node
  linkType: hard

"esbuild@npm:0.24.0":
  version: 0.24.0
  resolution: "esbuild@npm:0.24.0"
  dependencies:
    "@esbuild/aix-ppc64": "npm:0.24.0"
    "@esbuild/android-arm": "npm:0.24.0"
    "@esbuild/android-arm64": "npm:0.24.0"
    "@esbuild/android-x64": "npm:0.24.0"
    "@esbuild/darwin-arm64": "npm:0.24.0"
    "@esbuild/darwin-x64": "npm:0.24.0"
    "@esbuild/freebsd-arm64": "npm:0.24.0"
    "@esbuild/freebsd-x64": "npm:0.24.0"
    "@esbuild/linux-arm": "npm:0.24.0"
    "@esbuild/linux-arm64": "npm:0.24.0"
    "@esbuild/linux-ia32": "npm:0.24.0"
    "@esbuild/linux-loong64": "npm:0.24.0"
    "@esbuild/linux-mips64el": "npm:0.24.0"
    "@esbuild/linux-ppc64": "npm:0.24.0"
    "@esbuild/linux-riscv64": "npm:0.24.0"
    "@esbuild/linux-s390x": "npm:0.24.0"
    "@esbuild/linux-x64": "npm:0.24.0"
    "@esbuild/netbsd-x64": "npm:0.24.0"
    "@esbuild/openbsd-arm64": "npm:0.24.0"
    "@esbuild/openbsd-x64": "npm:0.24.0"
    "@esbuild/sunos-x64": "npm:0.24.0"
    "@esbuild/win32-arm64": "npm:0.24.0"
    "@esbuild/win32-ia32": "npm:0.24.0"
    "@esbuild/win32-x64": "npm:0.24.0"
  dependenciesMeta:
    "@esbuild/aix-ppc64":
      optional: true
    "@esbuild/android-arm":
      optional: true
    "@esbuild/android-arm64":
      optional: true
    "@esbuild/android-x64":
      optional: true
    "@esbuild/darwin-arm64":
      optional: true
    "@esbuild/darwin-x64":
      optional: true
    "@esbuild/freebsd-arm64":
      optional: true
    "@esbuild/freebsd-x64":
      optional: true
    "@esbuild/linux-arm":
      optional: true
    "@esbuild/linux-arm64":
      optional: true
    "@esbuild/linux-ia32":
      optional: true
    "@esbuild/linux-loong64":
      optional: true
    "@esbuild/linux-mips64el":
      optional: true
    "@esbuild/linux-ppc64":
      optional: true
    "@esbuild/linux-riscv64":
      optional: true
    "@esbuild/linux-s390x":
      optional: true
    "@esbuild/linux-x64":
      optional: true
    "@esbuild/netbsd-x64":
      optional: true
    "@esbuild/openbsd-arm64":
      optional: true
    "@esbuild/openbsd-x64":
      optional: true
    "@esbuild/sunos-x64":
      optional: true
    "@esbuild/win32-arm64":
      optional: true
    "@esbuild/win32-ia32":
      optional: true
    "@esbuild/win32-x64":
      optional: true
  bin:
    esbuild: bin/esbuild
  checksum: 10c0/9f1aadd8d64f3bff422ae78387e66e51a5e09de6935a6f987b6e4e189ed00fdc2d1bc03d2e33633b094008529c8b6e06c7ad1a9782fb09fec223bf95998c0683
  languageName: node
  linkType: hard

"eve-raphael@npm:0.5.0":
  version: 0.5.0
  resolution: "eve-raphael@npm:0.5.0"
  checksum: 10c0/59e85704181c63c38fc084f478e64bc92771c444391162b8407bf72a65bb5f1b8c7ba03364bfd28dae5b9bce0eb4c970758c66bd9f6d9411f035d138a7bf5518
  languageName: node
  linkType: hard

"eventemitter3@npm:^5.0.1":
  version: 5.0.1
  resolution: "eventemitter3@npm:5.0.1"
  checksum: 10c0/4ba5c00c506e6c786b4d6262cfbce90ddc14c10d4667e5c83ae993c9de88aa856033994dd2b35b83e8dc1170e224e66a319fa80adc4c32adcd2379bbc75da814
  languageName: node
  linkType: hard

"fast-diff@npm:^1.3.0":
  version: 1.3.0
  resolution: "fast-diff@npm:1.3.0"
  checksum: 10c0/5c19af237edb5d5effda008c891a18a585f74bf12953be57923f17a3a4d0979565fc64dbc73b9e20926b9d895f5b690c618cbb969af0cf022e3222471220ad29
  languageName: node
  linkType: hard

"hammerjs@npm:2.0.8, hammerjs@npm:^2.0.8":
  version: 2.0.8
  resolution: "hammerjs@npm:2.0.8"
  checksum: 10c0/5c95e5774b5ea49492cb3fa8f1949aea67048a0b84af33acb555e7139abfcf3c83aca2b83e0c5008755bc230166df7b5e469d1e3eb6746c48f215f3672609fed
  languageName: node
  linkType: hard

"inputmask@npm:5.0.10-beta.5":
  version: 5.0.10-beta.5
  resolution: "inputmask@npm:5.0.10-beta.5"
  checksum: 10c0/c1583a11dbf4d416d96cdf8edd0f0aa72c9917dea90d2c28c575f7af48bc74049fea1768316262107483a02fed73a3ba357af71fb9629eb5729d1843aacb5698
  languageName: node
  linkType: hard

"jquery-cropper@npm:1.0.0":
  version: 1.0.0
  resolution: "jquery-cropper@npm:1.0.0"
  peerDependencies:
    cropperjs: ">= 1.0.0"
    jquery: ">= 1.9.1"
  checksum: 10c0/67c4483abb17b30fe210de9ccca43a9e23c3176b1d1cfc4b264cbfc252b2b9b327ca6f8073227f073e6cb00ef72f83b074cb188b962d5e50855e632054b49d25
  languageName: node
  linkType: hard

"jquery-cropper@patch:jquery-cropper@npm%3A1.0.0#~/.yarn/patches/jquery-cropper-npm-1.0.0-148aa161fe.patch":
  version: 1.0.0
  resolution: "jquery-cropper@patch:jquery-cropper@npm%3A1.0.0#~/.yarn/patches/jquery-cropper-npm-1.0.0-148aa161fe.patch::version=1.0.0&hash=be759a"
  peerDependencies:
    cropperjs: ">= 1.0.0"
    jquery: ">= 1.9.1"
  checksum: 10c0/64c3ae599fca1ac922c1a542eb66c3dd8e7cb3a70c275d846a3db23b9bdd461a762f23d0e3f6aaccbf903f60d3fd3e265e7e1c841419644024fb1a648d53c9fd
  languageName: node
  linkType: hard

"jquery-mousewheel@npm:3.1.13":
  version: 3.1.13
  resolution: "jquery-mousewheel@npm:3.1.13"
  checksum: 10c0/acd57dfe7d2268ddddb906cfca6316fb364aeb74dc4d15379baa60c88b5fd3cc0aa7830e09cb6e702a4de9306e467519f147396e49f2f9c9f2c7118537721fab
  languageName: node
  linkType: hard

"jquery-mousewheel@patch:jquery-mousewheel@npm%3A3.1.13#~/.yarn/patches/jquery-mousewheel-npm-3.1.13-854d2918be.patch":
  version: 3.1.13
  resolution: "jquery-mousewheel@patch:jquery-mousewheel@npm%3A3.1.13#~/.yarn/patches/jquery-mousewheel-npm-3.1.13-854d2918be.patch::version=3.1.13&hash=94e45a"
  checksum: 10c0/234f722030a64eceb0ea93f46b686921e15126c4626033a8b5a205c46bf122cdfecd7891811e33031b25db4a6ac7e3c94cad1196e2a26454a3973bab8109f7cf
  languageName: node
  linkType: hard

"jquery-touchswipe@npm:1.6.19":
  version: 1.6.19
  resolution: "jquery-touchswipe@npm:1.6.19"
  checksum: 10c0/0971402f8206629f3fc8a2d19c7514ccefe1441ea3f633daafe189ba43b74cc0c0dc8ed3df6e85a5655f7fe2d482adf5994f0c87d430a5e6ce39848db8fb32c7
  languageName: node
  linkType: hard

"jquery-ui-timepicker-addon@npm:1.6.3":
  version: 1.6.3
  resolution: "jquery-ui-timepicker-addon@npm:1.6.3"
  checksum: 10c0/20729e79066198871e652190271b4421c55f8d7685621bdf9af114163f967369963ebcdddbbbdb13d88950d69f717d1c86c0b2d3364bf0bc1dd6b75fc17bbbcd
  languageName: node
  linkType: hard

"jquery-ui-timepicker-addon@patch:jquery-ui-timepicker-addon@npm%3A1.6.3#~/.yarn/patches/jquery-ui-timepicker-addon-npm-1.6.3-b43c27b305.patch":
  version: 1.6.3
  resolution: "jquery-ui-timepicker-addon@patch:jquery-ui-timepicker-addon@npm%3A1.6.3#~/.yarn/patches/jquery-ui-timepicker-addon-npm-1.6.3-b43c27b305.patch::version=1.6.3&hash=1ceb0f"
  checksum: 10c0/ce3acf27a7bbdbf68c5e81d7361218a341cbfe300cf3e38109a85d1537440326aed66e1586afff77fd8097ed158a06c668a444d57abd45cf3b36e439064e1860
  languageName: node
  linkType: hard

"jquery-ui@npm:1.14.1":
  version: 1.14.1
  resolution: "jquery-ui@npm:1.14.1"
  dependencies:
    jquery: "npm:>=1.12.0 <5.0.0"
  checksum: 10c0/cf7a3c0aac369e513d78bc5864bbafb6ddf85a43513ca5d00b11d65e2890a6618ff2ef5b8cb2925db9a6b7d0c2482d717fb10cc813e419024ae8bc457e18f51d
  languageName: node
  linkType: hard

"jquery-ui@patch:jquery-ui@npm%3A1.14.1#~/.yarn/patches/jquery-ui-npm-1.14.1-ce85202c00.patch":
  version: 1.14.1
  resolution: "jquery-ui@patch:jquery-ui@npm%3A1.14.1#~/.yarn/patches/jquery-ui-npm-1.14.1-ce85202c00.patch::version=1.14.1&hash=975b02"
  dependencies:
    jquery: "npm:>=1.12.0 <5.0.0"
  checksum: 10c0/4b04bfd94c0400aead33099a1784b01eca93d35008a7d2a90ed939f2a253d043f5bc6ee238a6b4fbf648d78b679c7d0b99f9b35f9eb80dd0bc46fa930a14d831
  languageName: node
  linkType: hard

"jquery.browser@npm:0.1.0":
  version: 0.1.0
  resolution: "jquery.browser@npm:0.1.0"
  checksum: 10c0/35198e92868964e64310a67a13bc9aa4e1455e0baecd6268cf9d594226dc852abeeb68bed099b85d573bbc17937d5881aa6b7aa8e130f6527bad8c94b62e338b
  languageName: node
  linkType: hard

"jquery@npm:4.0.0-beta.2":
  version: 4.0.0-beta.2
  resolution: "jquery@npm:4.0.0-beta.2"
  checksum: 10c0/046f3f325b512da31f87fcdddfe27f53df496f01f5c4f76f8906cddc152757f906f5bf6cb6c6ac8e31036ddcf89fde2a9f95b106b35fda3396db4d8c5921a10e
  languageName: node
  linkType: hard

"js-cookie@npm:3.0.5":
  version: 3.0.5
  resolution: "js-cookie@npm:3.0.5"
  checksum: 10c0/04a0e560407b4489daac3a63e231d35f4e86f78bff9d792011391b49c59f721b513411cd75714c418049c8dc9750b20fcddad1ca5a2ca616c3aca4874cce5b3a
  languageName: node
  linkType: hard

"jscrollpane@npm:2.2.3-rc.2":
  version: 2.2.3-rc.2
  resolution: "jscrollpane@npm:2.2.3-rc.2"
  dependencies:
    jquery: "npm:^3.5.1"
  checksum: 10c0/a7cad13cd54f1014c6e43790c9fafd8e0946ccc1bbd85501ec2903094ae9f5d64ded85be5ddf1415c5de60b4a76043311395677b7b2f887e0178c39dfde51414
  languageName: node
  linkType: hard

"jscrollpane@patch:jscrollpane@npm%3A2.2.3-rc.2#~/.yarn/patches/jscrollpane-npm-2.2.3-rc.2-173a004b4f.patch":
  version: 2.2.3-rc.2
  resolution: "jscrollpane@patch:jscrollpane@npm%3A2.2.3-rc.2#~/.yarn/patches/jscrollpane-npm-2.2.3-rc.2-173a004b4f.patch::version=2.2.3-rc.2&hash=591506"
  dependencies:
    jquery: "npm:^3.5.1"
  checksum: 10c0/0fcf06990b4c32b5bd82a0a53abf8fbcdf024678fdea67b68b56eafb9a8f736abcffebb009fb125d9d0620ba4df0abfce24d427d06c3305d53dc8f1cd6d31ecc
  languageName: node
  linkType: hard

"jsplumb@npm:2.15.6":
  version: 2.15.6
  resolution: "jsplumb@npm:2.15.6"
  checksum: 10c0/48017c18bcc08e6fceb818257b514b1cc5b5e03d8e2408eb2e4fb06e64cbc121620ca9aa382562f1d227091224bcdf10d47846955b79cb3b656497ec70bb7e98
  languageName: node
  linkType: hard

"keycharm@npm:0.4.0":
  version: 0.4.0
  resolution: "keycharm@npm:0.4.0"
  checksum: 10c0/5e845331148b5cb652f65a6354a830df62a189e2c17faec56375fa12d91152a70f93c872c6f22b81acafe56b9df51268c9af6b7b8c0543cb65ba46042eb9713e
  languageName: node
  linkType: hard

"lodash-es@npm:^4.17.21":
  version: 4.17.21
  resolution: "lodash-es@npm:4.17.21"
  checksum: 10c0/fb407355f7e6cd523a9383e76e6b455321f0f153a6c9625e21a8827d10c54c2a2341bd2ae8d034358b60e07325e1330c14c224ff582d04612a46a4f0479ff2f2
  languageName: node
  linkType: hard

"lodash.clonedeep@npm:^4.5.0":
  version: 4.5.0
  resolution: "lodash.clonedeep@npm:4.5.0"
  checksum: 10c0/2caf0e4808f319d761d2939ee0642fa6867a4bbf2cfce43276698828380756b99d4c4fa226d881655e6ac298dd453fe12a5ec8ba49861777759494c534936985
  languageName: node
  linkType: hard

"lodash.isequal@npm:^4.5.0":
  version: 4.5.0
  resolution: "lodash.isequal@npm:4.5.0"
  checksum: 10c0/dfdb2356db19631a4b445d5f37868a095e2402292d59539a987f134a8778c62a2810c2452d11ae9e6dcac71fc9de40a6fedcb20e2952a15b431ad8b29e50e28f
  languageName: node
  linkType: hard

"moment-jdateformatparser@npm:1.2.1":
  version: 1.2.1
  resolution: "moment-jdateformatparser@npm:1.2.1"
  checksum: 10c0/a51b413d57c8819439d472c3f1c2fff34d3d42622d1feb89212d87f0a97e680e0346da28d56e6466aa9bdc9e26f45e888befb827cfc2984855d02480118b8165
  languageName: node
  linkType: hard

"moment-timezone@npm:0.5.45":
  version: 0.5.45
  resolution: "moment-timezone@npm:0.5.45"
  dependencies:
    moment: "npm:^2.29.4"
  checksum: 10c0/7497f23c4b8c875dbf07c03f9a1253f79edaeedc29d5732e36bfd3c5577e25aed1924fbd84cbb713ce1920dbe822be0e21bd487851a7d13907226f289a5e568b
  languageName: node
  linkType: hard

"moment@npm:2.30.1, moment@npm:^2.29.4":
  version: 2.30.1
  resolution: "moment@npm:2.30.1"
  checksum: 10c0/865e4279418c6de666fca7786607705fd0189d8a7b7624e2e56be99290ac846f90878a6f602e34b4e0455c549b85385b1baf9966845962b313699e7cb847543a
  languageName: node
  linkType: hard

"parchment@npm:^3.0.0":
  version: 3.0.0
  resolution: "parchment@npm:3.0.0"
  checksum: 10c0/83cc55756a899d6769e42b345ae55738f7e93f9027bb0095f518bc75b81d44ba2b69a76bc25f259974d972f8e250066419c3f92e3ded7518f144fc9c1b47430d
  languageName: node
  linkType: hard

"preact@npm:~10.12.1":
  version: 10.12.1
  resolution: "preact@npm:10.12.1"
  checksum: 10c0/c77a55e897dcf298b7aa13637fed29744d3cf6c083f2832856e8551dbf27303c8b6946569736de16b05cba15c0e44ad404beb236ad9e36583a6fc5e2efad7777
  languageName: node
  linkType: hard

"propagating-hammerjs@npm:2.0.1":
  version: 2.0.1
  resolution: "propagating-hammerjs@npm:2.0.1"
  peerDependencies:
    "@egjs/hammerjs": ^2.0.17
  checksum: 10c0/c708d4fc2e11ddcc59c4d84dcb5bebc27093cbb7cab63a328b1486599be3b57a061cf58baf1f375decb62d6479589dcc5af260ee2695bcddee84785cad8eabca
  languageName: node
  linkType: hard

"quill-delta@npm:^5.1.0":
  version: 5.1.0
  resolution: "quill-delta@npm:5.1.0"
  dependencies:
    fast-diff: "npm:^1.3.0"
    lodash.clonedeep: "npm:^4.5.0"
    lodash.isequal: "npm:^4.5.0"
  checksum: 10c0/a99462b96177f4559e5a659be0f51bbfe090c11b61c53aa19afabd3fdf8a6495173bbacd84b75acce680ed7c157a024907e74ff077ddd6a135b4da15bf71ada2
  languageName: node
  linkType: hard

"quill@npm:2.0.2":
  version: 2.0.2
  resolution: "quill@npm:2.0.2"
  dependencies:
    eventemitter3: "npm:^5.0.1"
    lodash-es: "npm:^4.17.21"
    parchment: "npm:^3.0.0"
    quill-delta: "npm:^5.1.0"
  checksum: 10c0/6d680a87b683041524ea3dcb2a04a9620562e36367bcd0492fc4c1db66238375ac76a65c5e89ef1eb65e7aacd8c1a49b04cef48feeb5d52b4fc8d91a07d0ec8f
  languageName: node
  linkType: hard

"rangyinputs@npm:1.2.0":
  version: 1.2.0
  resolution: "rangyinputs@npm:1.2.0"
  checksum: 10c0/ab8cf8edeec2e8578172792f70d9d2f36053a97509cf547c8969e7dc315ed318679ae84c051b1b1ea1e3436339f917809d45a941d954b44a8ebe4c3d79ae50ae
  languageName: node
  linkType: hard

"raphael@npm:2.3.0":
  version: 2.3.0
  resolution: "raphael@npm:2.3.0"
  dependencies:
    eve-raphael: "npm:0.5.0"
  checksum: 10c0/187dccb25eefba5680af5e641e73b7e5343532fc1bb7ee3910da519af87867b7d768264e2071ead68800ce1dbec59ab3a1a30fe1f2c2a546d541a16694f083c9
  languageName: node
  linkType: hard

"tslib@npm:^2.1.0":
  version: 2.8.1
  resolution: "tslib@npm:2.8.1"
  checksum: 10c0/9c4759110a19c53f992d9aae23aac5ced636e99887b51b9e61def52611732872ff7668757d4e4c61f19691e36f4da981cd9485e869b4a7408d689f6bf1f14e62
  languageName: node
  linkType: hard

"typescript@npm:5.6.3":
  version: 5.6.3
  resolution: "typescript@npm:5.6.3"
  bin:
    tsc: bin/tsc
    tsserver: bin/tsserver
  checksum: 10c0/44f61d3fb15c35359bc60399cb8127c30bae554cd555b8e2b46d68fa79d680354b83320ad419ff1b81a0bdf324197b29affe6cc28988cd6a74d4ac60c94f9799
  languageName: node
  linkType: hard

"typescript@patch:typescript@npm%3A5.6.3#optional!builtin<compat/typescript>":
  version: 5.6.3
  resolution: "typescript@patch:typescript@npm%3A5.6.3#optional!builtin<compat/typescript>::version=5.6.3&hash=8c6c40"
  bin:
    tsc: bin/tsc
    tsserver: bin/tsserver
  checksum: 10c0/7c9d2e07c81226d60435939618c91ec2ff0b75fbfa106eec3430f0fcf93a584bc6c73176676f532d78c3594fe28a54b36eb40b3d75593071a7ec91301533ace7
  languageName: node
  linkType: hard

"uuid@npm:9.0.1":
  version: 9.0.1
  resolution: "uuid@npm:9.0.1"
  bin:
    uuid: dist/bin/uuid
  checksum: 10c0/1607dd32ac7fc22f2d8f77051e6a64845c9bce5cd3dd8aa0070c074ec73e666a1f63c7b4e0f4bf2bc8b9d59dc85a15e17807446d9d2b17c8485fbc2147b27f9b
  languageName: node
  linkType: hard

"vis-data@npm:7.1.9":
  version: 7.1.9
  resolution: "vis-data@npm:7.1.9"
  peerDependencies:
    uuid: ^3.4.0 || ^7.0.0 || ^8.0.0 || ^9.0.0
    vis-util: ^5.0.1
  checksum: 10c0/2fce50e41862133e4fcdc92d216755b544936288a8586fc2f0afdc8b586ee75acb029e3fa9bbbb48a91e4c35ebc375bdba213e836926564f899ad80e0981d304
  languageName: node
  linkType: hard

"vis-timeline@npm:7.7.3":
  version: 7.7.3
  resolution: "vis-timeline@npm:7.7.3"
  peerDependencies:
    "@egjs/hammerjs": ^2.0.0
    component-emitter: ^1.3.0
    keycharm: ^0.2.0 || ^0.3.0 || ^0.4.0
    moment: ^2.24.0
    propagating-hammerjs: ^1.4.0 || ^2.0.0
    uuid: ^3.4.0 || ^7.0.0 || ^8.0.0 || ^9.0.0
    vis-data: ^6.3.0 || ^7.0.0
    vis-util: ^5.0.1
    xss: ^1.0.0
  checksum: 10c0/82f5bdcc815e60e04562a071ef374d2e0d1d9387482faf8629471ce0de98ed75a593565af3b4db36d8c977d085b96b88afc51a967eb6f1f81031a3822d7f039d
  languageName: node
  linkType: hard

"vis-util@npm:5.0.7":
  version: 5.0.7
  resolution: "vis-util@npm:5.0.7"
  peerDependencies:
    "@egjs/hammerjs": ^2.0.0
    component-emitter: ^1.3.0 || ^2.0.0
  checksum: 10c0/8e460327b063335ade3a0ef9902c9fb93111036efcd13715513f075cd8972155388e84ccf1987ba8d947d671b257fb109d0cccbf0e18f061f0a303c9a46d0d92
  languageName: node
  linkType: hard

"webcamjs@npm:1.0.26":
  version: 1.0.26
  resolution: "webcamjs@npm:1.0.26"
  checksum: 10c0/f71d567f2b29c569f7407bca898a603a624d5701eb3b4bb11f3f68573ac1f5e6ffc3234ae3593735dfd2fbdf2ab63777c8041a52eaae86528f018387b47793d0
  languageName: node
  linkType: hard

"webcamjs@patch:webcamjs@npm%3A1.0.26#~/.yarn/patches/webcamjs-npm-1.0.26-e450e6a36f.patch":
  version: 1.0.26
  resolution: "webcamjs@patch:webcamjs@npm%3A1.0.26#~/.yarn/patches/webcamjs-npm-1.0.26-e450e6a36f.patch::version=1.0.26&hash=1af1f9"
  checksum: 10c0/98939fa1c86eab28ef353bf38d7e32357af76a20d970690027f94f5da956b25fcf1b5202446d09a41577e33b60b730907addeb9e1cf2a2c5acf27288d70f70b8
  languageName: node
  linkType: hard

"xss@npm:1.0.15":
  version: 1.0.15
  resolution: "xss@npm:1.0.15"
  dependencies:
    commander: "npm:^2.20.3"
    cssfilter: "npm:0.0.10"
  bin:
    xss: bin/xss
  checksum: 10c0/9b31bee62a208f78e2b7bc8154e3ee87d980f4661dc4ab850ce6f4de7bc50eb152f0bdc13fa759ff8ab6d9bfdf8c0d79cf9f6f86249872b92181912309bccd08
  languageName: node
  linkType: hard
