# This file is generated by running "yarn install" inside your project.
# Manual changes might be lost - proceed with caution!

__metadata:
  version: 8
  cacheKey: 10c0

"@egjs/hammerjs@npm:2.0.17":
  version: 2.0.17
  resolution: "@egjs/hammerjs@npm:2.0.17"
  dependencies:
    "@types/hammerjs": "npm:^2.0.36"
  checksum: 10c0/dbedc15a0e633f887c08394bd636faf6a3abd05726dc0909a0e01209d5860a752d9eca5e512da623aecfabe665f49f1d035de3103eb2f9022c5cea692f9cc9be
  languageName: node
  linkType: hard

"@esbuild/aix-ppc64@npm:0.27.2":
  version: 0.27.2
  resolution: "@esbuild/aix-ppc64@npm:0.27.2"
  conditions: os=aix & cpu=ppc64
  languageName: node
  linkType: hard

"@esbuild/android-arm64@npm:0.27.2":
  version: 0.27.2
  resolution: "@esbuild/android-arm64@npm:0.27.2"
  conditions: os=android & cpu=arm64
  languageName: node
  linkType: hard

"@esbuild/android-arm@npm:0.27.2":
  version: 0.27.2
  resolution: "@esbuild/android-arm@npm:0.27.2"
  conditions: os=android & cpu=arm
  languageName: node
  linkType: hard

"@esbuild/android-x64@npm:0.27.2":
  version: 0.27.2
  resolution: "@esbuild/android-x64@npm:0.27.2"
  conditions: os=android & cpu=x64
  languageName: node
  linkType: hard

"@esbuild/darwin-arm64@npm:0.27.2":
  version: 0.27.2
  resolution: "@esbuild/darwin-arm64@npm:0.27.2"
  conditions: os=darwin & cpu=arm64
  languageName: node
  linkType: hard

"@esbuild/darwin-x64@npm:0.27.2":
  version: 0.27.2
  resolution: "@esbuild/darwin-x64@npm:0.27.2"
  conditions: os=darwin & cpu=x64
  languageName: node
  linkType: hard

"@esbuild/freebsd-arm64@npm:0.27.2":
  version: 0.27.2
  resolution: "@esbuild/freebsd-arm64@npm:0.27.2"
  conditions: os=freebsd & cpu=arm64
  languageName: node
  linkType: hard

"@esbuild/freebsd-x64@npm:0.27.2":
  version: 0.27.2
  resolution: "@esbuild/freebsd-x64@npm:0.27.2"
  conditions: os=freebsd & cpu=x64
  languageName: node
  linkType: hard

"@esbuild/linux-arm64@npm:0.27.2":
  version: 0.27.2
  resolution: "@esbuild/linux-arm64@npm:0.27.2"
  conditions: os=linux & cpu=arm64
  languageName: node
  linkType: hard

"@esbuild/linux-arm@npm:0.27.2":
  version: 0.27.2
  resolution: "@esbuild/linux-arm@npm:0.27.2"
  conditions: os=linux & cpu=arm
  languageName: node
  linkType: hard

"@esbuild/linux-ia32@npm:0.27.2":
  version: 0.27.2
  resolution: "@esbuild/linux-ia32@npm:0.27.2"
  conditions: os=linux & cpu=ia32
  languageName: node
  linkType: hard

"@esbuild/linux-loong64@npm:0.27.2":
  version: 0.27.2
  resolution: "@esbuild/linux-loong64@npm:0.27.2"
  conditions: os=linux & cpu=loong64
  languageName: node
  linkType: hard

"@esbuild/linux-mips64el@npm:0.27.2":
  version: 0.27.2
  resolution: "@esbuild/linux-mips64el@npm:0.27.2"
  conditions: os=linux & cpu=mips64el
  languageName: node
  linkType: hard

"@esbuild/linux-ppc64@npm:0.27.2":
  version: 0.27.2
  resolution: "@esbuild/linux-ppc64@npm:0.27.2"
  conditions: os=linux & cpu=ppc64
  languageName: node
  linkType: hard

"@esbuild/linux-riscv64@npm:0.27.2":
  version: 0.27.2
  resolution: "@esbuild/linux-riscv64@npm:0.27.2"
  conditions: os=linux & cpu=riscv64
  languageName: node
  linkType: hard

"@esbuild/linux-s390x@npm:0.27.2":
  version: 0.27.2
  resolution: "@esbuild/linux-s390x@npm:0.27.2"
  conditions: os=linux & cpu=s390x
  languageName: node
  linkType: hard

"@esbuild/linux-x64@npm:0.27.2":
  version: 0.27.2
  resolution: "@esbuild/linux-x64@npm:0.27.2"
  conditions: os=linux & cpu=x64
  languageName: node
  linkType: hard

"@esbuild/netbsd-arm64@npm:0.27.2":
  version: 0.27.2
  resolution: "@esbuild/netbsd-arm64@npm:0.27.2"
  conditions: os=netbsd & cpu=arm64
  languageName: node
  linkType: hard

"@esbuild/netbsd-x64@npm:0.27.2":
  version: 0.27.2
  resolution: "@esbuild/netbsd-x64@npm:0.27.2"
  conditions: os=netbsd & cpu=x64
  languageName: node
  linkType: hard

"@esbuild/openbsd-arm64@npm:0.27.2":
  version: 0.27.2
  resolution: "@esbuild/openbsd-arm64@npm:0.27.2"
  conditions: os=openbsd & cpu=arm64
  languageName: node
  linkType: hard

"@esbuild/openbsd-x64@npm:0.27.2":
  version: 0.27.2
  resolution: "@esbuild/openbsd-x64@npm:0.27.2"
  conditions: os=openbsd & cpu=x64
  languageName: node
  linkType: hard

"@esbuild/openharmony-arm64@npm:0.27.2":
  version: 0.27.2
  resolution: "@esbuild/openharmony-arm64@npm:0.27.2"
  conditions: os=openharmony & cpu=arm64
  languageName: node
  linkType: hard

"@esbuild/sunos-x64@npm:0.27.2":
  version: 0.27.2
  resolution: "@esbuild/sunos-x64@npm:0.27.2"
  conditions: os=sunos & cpu=x64
  languageName: node
  linkType: hard

"@esbuild/win32-arm64@npm:0.27.2":
  version: 0.27.2
  resolution: "@esbuild/win32-arm64@npm:0.27.2"
  conditions: os=win32 & cpu=arm64
  languageName: node
  linkType: hard

"@esbuild/win32-ia32@npm:0.27.2":
  version: 0.27.2
  resolution: "@esbuild/win32-ia32@npm:0.27.2"
  conditions: os=win32 & cpu=ia32
  languageName: node
  linkType: hard

"@esbuild/win32-x64@npm:0.27.2":
  version: 0.27.2
  resolution: "@esbuild/win32-x64@npm:0.27.2"
  conditions: os=win32 & cpu=x64
  languageName: node
  linkType: hard

"@fullcalendar/common@npm:~5.11.5":
  version: 5.11.5
  resolution: "@fullcalendar/common@npm:5.11.5"
  dependencies:
    tslib: "npm:^2.1.0"
  checksum: 10c0/320d7fcedb2a78f7d221669d2e3797abcd6f629a5b7448c33ec7f2baed6dbb02cfc8e677dc57632442c5c87952fb9db32c050e6940e50c0e91181c70082cbb15
  languageName: node
  linkType: hard

"@fullcalendar/core@npm:~5.11.5":
  version: 5.11.5
  resolution: "@fullcalendar/core@npm:5.11.5"
  dependencies:
    "@fullcalendar/common": "npm:~5.11.5"
    preact: "npm:~10.12.1"
    tslib: "npm:^2.1.0"
  checksum: 10c0/1cc8716fda4a113f2198765e18ec72a688f0afd2e362391d1f5959bf47dba47ca6e9af5db010c9be727e6b6a0e93fdc8bae9c3c78a07c3a82b0825306b646e39
  languageName: node
  linkType: hard

"@fullcalendar/daygrid@npm:~5.11.5":
  version: 5.11.5
  resolution: "@fullcalendar/daygrid@npm:5.11.5"
  dependencies:
    "@fullcalendar/common": "npm:~5.11.5"
    tslib: "npm:^2.1.0"
  checksum: 10c0/e66efeeeffe8603187144dca27a642b68bb165cd32bf7aead7e42747d6793af9c57acdc3e870964328939dc515aed8cf539b203f0944aa1a6c37f35ecc2b911f
  languageName: node
  linkType: hard

"@fullcalendar/interaction@npm:~5.11.5":
  version: 5.11.5
  resolution: "@fullcalendar/interaction@npm:5.11.5"
  dependencies:
    "@fullcalendar/common": "npm:~5.11.5"
    tslib: "npm:^2.1.0"
  checksum: 10c0/e73a92d1d52724f0947ad1e41b397bdfe57fe528098bf61f64995308494803d3df24d4f53b78cb45ad41e58a38bddad7acd4a3e3ebf199f45f4431835dd78f88
  languageName: node
  linkType: hard

"@fullcalendar/list@npm:~5.11.5":
  version: 5.11.5
  resolution: "@fullcalendar/list@npm:5.11.5"
  dependencies:
    "@fullcalendar/common": "npm:~5.11.5"
    tslib: "npm:^2.1.0"
  checksum: 10c0/5a56489b368b7f0d7343afa141c6399e76e6b5afd7be7a46c955ed28739a6530fda70737b8a269b41300d405bf7b1f47f1d94bc71fe319a97a4c39b11f548f21
  languageName: node
  linkType: hard

"@fullcalendar/moment-timezone@npm:~5.11.5":
  version: 5.11.5
  resolution: "@fullcalendar/moment-timezone@npm:5.11.5"
  dependencies:
    "@fullcalendar/common": "npm:~5.11.5"
    tslib: "npm:^2.1.0"
  peerDependencies:
    moment: ^2.29.1
    moment-timezone: ^0.5.31
  checksum: 10c0/c4b7caf98d2745bf3a9f7a1d03c02d1bbf4f9b8fa0f2982ada0df7ed2a1300aa7bb4f80943520c657ebd6f252f60afc21ca879554c188d9fd97c3038c9733352
  languageName: node
  linkType: hard

"@fullcalendar/moment@npm:~5.11.5":
  version: 5.11.5
  resolution: "@fullcalendar/moment@npm:5.11.5"
  dependencies:
    "@fullcalendar/common": "npm:~5.11.5"
    tslib: "npm:^2.1.0"
  peerDependencies:
    moment: ^2.29.1
  checksum: 10c0/25e3324a5bdfe744c86118b882f55ee99ddb0d821efb64d0b17ead36b7f8086ec393b96fc1358c6210e8321d8e49c7e58f8490ab498a6b24713b732220f03dd5
  languageName: node
  linkType: hard

"@fullcalendar/timegrid@npm:~5.11.5":
  version: 5.11.5
  resolution: "@fullcalendar/timegrid@npm:5.11.5"
  dependencies:
    "@fullcalendar/common": "npm:~5.11.5"
    "@fullcalendar/daygrid": "npm:~5.11.5"
    tslib: "npm:^2.1.0"
  checksum: 10c0/c105c16d07a38d9e6f03e1fb12cae4e521cc2dc252963e2226360fc0e6fabc519e8e35976f4bf0dc549cd78ba7f8d01f4eec7701152ee8836414843b271d1a54
  languageName: node
  linkType: hard

"@kurkle/color@npm:^0.3.0":
  version: 0.3.4
  resolution: "@kurkle/color@npm:0.3.4"
  checksum: 10c0/0e9fd55c614b005c5f0c4c755bca19ec0293bc7513b4ea3ec1725234f9c2fa81afbc78156baf555c8b9cb0d305619253c3f5bca016067daeebb3d00ebb4ea683
  languageName: node
  linkType: hard

"@melloware/coloris@npm:0.25.0":
  version: 0.25.0
  resolution: "@melloware/coloris@npm:0.25.0"
  checksum: 10c0/15727dc98891ae8cca394c4300e4c7ba5015bdc5e1fb7bc411d6f726207ebb14c60de843ed58ef19dfe5bc001655ed38e45dd1ba7680f0c256ca035a417945da
  languageName: node
  linkType: hard

"@primefaces/primefaces@workspace:.":
  version: 0.0.0-use.local
  resolution: "@primefaces/primefaces@workspace:."
  dependencies:
    "@egjs/hammerjs": "npm:2.0.17"
    "@fullcalendar/common": "npm:~5.11.5"
    "@fullcalendar/core": "npm:~5.11.5"
    "@fullcalendar/daygrid": "npm:~5.11.5"
    "@fullcalendar/interaction": "npm:~5.11.5"
    "@fullcalendar/list": "npm:~5.11.5"
    "@fullcalendar/moment": "npm:~5.11.5"
    "@fullcalendar/moment-timezone": "npm:~5.11.5"
    "@fullcalendar/timegrid": "npm:~5.11.5"
    "@melloware/coloris": "npm:0.25.0"
    "@rwap/jquery-ui-touch-punch": "npm:1.1.5"
    "@types/autosize": "npm:4.0.3"
    "@types/downloadjs": "npm:1.4.6"
    "@types/hammerjs": "npm:2.0.46"
    "@types/inputmask": "npm:5.0.7"
    "@types/jquery": "npm:3.5.32"
    "@types/jquery-cropper": "npm:1.0.4"
    "@types/jquery-mousewheel": "npm:3.1.12"
    "@types/jquery-touchswipe": "npm:1.6.0"
    "@types/jqueryui": "npm:1.12.24"
    "@types/js-cookie": "npm:3.0.6"
    "@types/jscrollpane": "npm:2.0.35"
    "@types/moment-jdateformatparser": "npm:1.2.0"
    "@types/node": "npm:24.10.9"
    "@types/pnpapi": "npm:0.0.5"
    "@types/rangyinputs": "npm:1.2.5"
    "@types/raphael": "npm:2.3.10"
    "@types/webcamjs": "npm:1.0.0"
    "@xenorange/esbuild-plugin-banned-dependencies": "npm:1.0.0"
    "@xenorange/esbuild-plugin-faces-resource-loader": "npm:1.1.2"
    "@xenorange/esbuild-plugin-load-from-expression": "npm:1.1.0"
    "@xenorange/yarn-patch-package-update-squash": "npm:1.0.0"
    autonumeric: "npm:4.10.9"
    autosize: "npm:6.0.1"
    blueimp-file-upload: "patch:blueimp-file-upload@npm%3A10.32.0#~/.yarn/patches/blueimp-file-upload-npm-10.32.0-61b944a244.patch"
    chart.js: "npm:4.5.1"
    chartjs-adapter-moment: "npm:1.0.1"
    chartjs-plugin-zoom: "npm:2.2.0"
    component-emitter: "npm:1.3.1"
    cropperjs: "npm:1.6.2"
    downloadjs: "patch:downloadjs@npm%3A1.4.7#~/.yarn/patches/downloadjs-npm-1.4.7-952a4ef987.patch"
    esbuild: "npm:0.27.2"
    hammerjs: "npm:2.0.8"
    inputmask: "npm:5.0.10-beta.59"
    jquery: "npm:4.0.0"
    jquery-cropper: "npm:1.0.2"
    jquery-mousewheel: "npm:3.2.2"
    jquery-touchswipe: "npm:1.6.19"
    jquery-ui: "npm:1.14.1"
    jquery-ui-timepicker-addon: "patch:jquery-ui-timepicker-addon@npm%3A1.6.3#~/.yarn/patches/jquery-ui-timepicker-addon-npm-1.6.3-b43c27b305.patch"
    js-cookie: "npm:3.0.5"
    jscrollpane: "patch:jscrollpane@npm%3A2.2.3-rc.2#~/.yarn/patches/jscrollpane-npm-2.2.3-rc.2-173a004b4f.patch"
    jsplumb: "npm:2.15.6"
    keycharm: "npm:0.4.0"
    moment: "npm:2.30.1"
    moment-jdateformatparser: "npm:1.2.1"
    moment-timezone: "npm:0.6.0"
    primeicons: "npm:7.0.0"
    primelocale: "npm:2.2.3"
    propagating-hammerjs: "npm:3.0.0"
    quill: "npm:2.0.3"
    rangyinputs: "npm:1.2.0"
    raphael: "npm:2.3.0"
    typescript: "npm:5.9.3"
    uuid: "npm:13.0.0"
    vis-data: "npm:8.0.3"
    vis-timeline: "npm:8.5.0"
    vis-util: "npm:6.0.0"
    webcamjs: "patch:webcamjs@npm%3A1.0.26#~/.yarn/patches/webcamjs-npm-1.0.26-e450e6a36f.patch"
    xss: "npm:1.0.15"
  languageName: unknown
  linkType: soft

"@rwap/jquery-ui-touch-punch@npm:1.1.5":
  version: 1.1.5
  resolution: "@rwap/jquery-ui-touch-punch@npm:1.1.5"
  dependencies:
    jquery-ui: "npm:>=1.8"
  checksum: 10c0/01b880bc0292afad65e55168da00b455865aa3fa1f5310343f06e9966d2c8f8aff2eaf786a599e86f8bca447f06533b27dfc57b645e29fdd3e928f57f69ae25f
  languageName: node
  linkType: hard

"@types/autosize@npm:4.0.3":
  version: 4.0.3
  resolution: "@types/autosize@npm:4.0.3"
  checksum: 10c0/3167b4551b408176c2a60e7b0c8ba6cccb89a1486267c47a4c7f2acc78c917a3487be0910eedc5cdd2dc2ef9436781dc95031db1ebbb0f7ccbc6ce46f7064c6b
  languageName: node
  linkType: hard

"@types/downloadjs@npm:1.4.6":
  version: 1.4.6
  resolution: "@types/downloadjs@npm:1.4.6"
  checksum: 10c0/c807ce77cd5035c7a35e58e40b1a0331fd23bd9e7776b0bc7b34a7bc0e4d0e210d5b1304e1c34d236a6fd72f8d31924b08e0f7f657d5e18fba2a2144172d6547
  languageName: node
  linkType: hard

"@types/hammerjs@npm:2.0.46, @types/hammerjs@npm:^2.0.36, @types/hammerjs@npm:^2.0.45":
  version: 2.0.46
  resolution: "@types/hammerjs@npm:2.0.46"
  checksum: 10c0/f3c1cb20dc2f0523f7b8c76065078544d50d8ae9b0edc1f62fed657210ed814266ff2dfa835d2c157a075991001eec3b64c88bf92e3e6e895c0db78d05711d06
  languageName: node
  linkType: hard

"@types/inputmask@npm:5.0.7":
  version: 5.0.7
  resolution: "@types/inputmask@npm:5.0.7"
  checksum: 10c0/791bf836f0e7fa4d424ce10b9dd6428672043b3769371f329ed26a866adb40448714dd25bc92ff4a9676f89b69c5ba0dd67fb27a97a5eee80f3ca20db63f0001
  languageName: node
  linkType: hard

"@types/jquery-cropper@npm:1.0.4":
  version: 1.0.4
  resolution: "@types/jquery-cropper@npm:1.0.4"
  dependencies:
    "@types/jquery": "npm:*"
  checksum: 10c0/303e049df1b2bfdff54752a92d9f4f07e7f440a42ec0103c4e634f47af3cd93c85ecea0b71112385df380f911e75e2cffee396015bf8649e5c87d677bc5e9d20
  languageName: node
  linkType: hard

"@types/jquery-mousewheel@npm:3.1.12":
  version: 3.1.12
  resolution: "@types/jquery-mousewheel@npm:3.1.12"
  dependencies:
    "@types/jquery": "npm:*"
  checksum: 10c0/d5a139197b7b0a8667806566ac5e2e2ed164691f2b32a88e762e5327484c1d0951a8c824fab979670d62b506e0f428079c61eea72346121d11ccbe879ba6f187
  languageName: node
  linkType: hard

"@types/jquery-touchswipe@npm:1.6.0":
  version: 1.6.0
  resolution: "@types/jquery-touchswipe@npm:1.6.0"
  peerDependencies:
    "@types/jquery": "*"
  checksum: 10c0/6c58874ad73d77e3d4a95c3a6fd9a2810ed1c74388403d463b8c6ce9939dc5e2a1d4a38bf63bbda720a7d5aaf33f07e88d751de018cd060ff59d1c7f6f4abea4
  languageName: node
  linkType: hard

"@types/jquery@npm:*, @types/jquery@npm:3.5.32":
  version: 3.5.32
  resolution: "@types/jquery@npm:3.5.32"
  dependencies:
    "@types/sizzle": "npm:*"
  checksum: 10c0/4a17ad6819b89026c21323656ab01b0b263f9d470910a87c8740920ff98319d503c7352b85b50134a39724ecbfccabc73aa4c741dfdd460cf8bbe714f9259054
  languageName: node
  linkType: hard

"@types/jqueryui@npm:1.12.24":
  version: 1.12.24
  resolution: "@types/jqueryui@npm:1.12.24"
  dependencies:
    "@types/jquery": "npm:*"
  checksum: 10c0/95afc94bfa4cf31de6b34b7770de849ccb2b5c2c9d8e092e6b9d3a1e0b4ee913659ede75eeebcbf8cb00a59d73da0da648da2be15fea2b94dd8ddeb237027bcf
  languageName: node
  linkType: hard

"@types/js-cookie@npm:3.0.6":
  version: 3.0.6
  resolution: "@types/js-cookie@npm:3.0.6"
  checksum: 10c0/173afaf5ea9d86c22395b9d2a00b6adb0006dcfef165d6dcb0395cdc32f5a5dcf9c3c60f97194119963a15849b8f85121e1ae730b03e40bc0c29b84396ba22f9
  languageName: node
  linkType: hard

"@types/jscrollpane@npm:2.0.35":
  version: 2.0.35
  resolution: "@types/jscrollpane@npm:2.0.35"
  dependencies:
    "@types/jquery": "npm:*"
  checksum: 10c0/4fe938858184e4d14ba15604372d9e31aec7aa6e6e9ef906cae46ef50ba16077be0ee442d68a68fd0a2b18c343f0a3077252214571e94ec8fcc1ecc315c60c7a
  languageName: node
  linkType: hard

"@types/moment-jdateformatparser@npm:1.2.0":
  version: 1.2.0
  resolution: "@types/moment-jdateformatparser@npm:1.2.0"
  peerDependencies:
    moment: ^2
  checksum: 10c0/0ec0983acdd1abf66469a15004131e5c20a1dbcee9ceb58565d135cacc86753a2d97878b3ec081fa2c115f0d8a83c2eb964da9ae8b5771a47593078f614237f9
  languageName: node
  linkType: hard

"@types/node@npm:24.10.9":
  version: 24.10.9
  resolution: "@types/node@npm:24.10.9"
  dependencies:
    undici-types: "npm:~7.16.0"
  checksum: 10c0/e9e436fcd2136bddb1bbe3271a89f4653910bcf6ee8047c4117f544c7905a106c039e2720ee48f28505ef2560e22fb9ead719f28bf5e075fdde0c1120e38e3b2
  languageName: node
  linkType: hard

"@types/pnpapi@npm:0.0.5":
  version: 0.0.5
  resolution: "@types/pnpapi@npm:0.0.5"
  checksum: 10c0/2ade69b20d0ad5d16e6f709b1a40a8c43034ae5e8ca3b979a7fc7c26fbf0cc75791b7e8539f84e98c0e910b9c31d805fb420840e73482c6ed7bba9760ee938be
  languageName: node
  linkType: hard

"@types/rangyinputs@npm:1.2.5":
  version: 1.2.5
  resolution: "@types/rangyinputs@npm:1.2.5"
  dependencies:
    "@types/jquery": "npm:*"
  checksum: 10c0/09900cd941b682aedd862beec752797e656bc5c0bdea3f96bd8862c150a34f3dd5454484754af2481477ea10f53b200ee351646a3d92390c13828f4a3db0e01e
  languageName: node
  linkType: hard

"@types/raphael@npm:2.3.10":
  version: 2.3.10
  resolution: "@types/raphael@npm:2.3.10"
  checksum: 10c0/1707c34540040f20d07e003014ea15470f749a7325e53febaf20effb93a2900a1d28c7aad748694c36513c600dd0a39c78d0dcdf85d8b65575b8918ae20e6d92
  languageName: node
  linkType: hard

"@types/sizzle@npm:*":
  version: 2.3.9
  resolution: "@types/sizzle@npm:2.3.9"
  checksum: 10c0/db0277ff62e8ebe6cdae2020fd045fd7fd19f29a3a2ce13c555b14fb00e105e79004883732118b9f2e8b943cb302645e9eddb4e7bdeef1a171da679cd4c32b72
  languageName: node
  linkType: hard

"@types/webcamjs@npm:1.0.0":
  version: 1.0.0
  resolution: "@types/webcamjs@npm:1.0.0"
  checksum: 10c0/b3940919f7430c3942ed9cc33048d60b588742f2493877307e0adc9f98af8a89fad6ecd34d3cd384eab2da902471105bbd49182857b3e820ab2ab5075f53d1c4
  languageName: node
  linkType: hard

"@xenorange/esbuild-plugin-banned-dependencies@npm:1.0.0":
  version: 1.0.0
  resolution: "@xenorange/esbuild-plugin-banned-dependencies@npm:1.0.0"
  peerDependencies:
    esbuild: 0.x.x
  checksum: 10c0/b468b1d000c4fdd681d89e9061091ee8684fbf2845b4fa6b7bdc38ff6bd12fa07126e63263c26d92d5fe6522c56206d89259ebeeef1d8eb06b3378d21b59a067
  languageName: node
  linkType: hard

"@xenorange/esbuild-plugin-faces-resource-loader@npm:1.1.2":
  version: 1.1.2
  resolution: "@xenorange/esbuild-plugin-faces-resource-loader@npm:1.1.2"
  peerDependencies:
    esbuild: 0.x.x
  checksum: 10c0/b2f674d8d22c86fdc4a96f2473819f2e94a1c438625c80e5aeea813163f14d96c1955ea7488134f51a2f88a179b413eaadeacbefa29c0918db2f0692012bb63c
  languageName: node
  linkType: hard

"@xenorange/esbuild-plugin-load-from-expression@npm:1.1.0":
  version: 1.1.0
  resolution: "@xenorange/esbuild-plugin-load-from-expression@npm:1.1.0"
  peerDependencies:
    esbuild: 0.x.x
  checksum: 10c0/af3a73be783da83fc17fcef4e5c00c7024645fb037d6cfed50844f3da142f896b308f28764dd15e1fae958b162213dcb1ae8879e04b77f6f30960762412a2ef9
  languageName: node
  linkType: hard

"@xenorange/yarn-patch-package-update-squash@npm:1.0.0":
  version: 1.0.0
  resolution: "@xenorange/yarn-patch-package-update-squash@npm:1.0.0"
  bin:
    patch-update-squash: index.js
  checksum: 10c0/d5c09124ee1f833f8fc20b40e8e7a027f2dd165b4f4320f67e74d0ef39443d4824ef19f89e0bdc0c4c19ebb1e9d93e4bb3a98434daacca7d32947c203a686c7b
  languageName: node
  linkType: hard

"autonumeric@npm:4.10.9":
  version: 4.10.9
  resolution: "autonumeric@npm:4.10.9"
  checksum: 10c0/6d7ff0c9d54cc77082b47c53afa6e881aa9d0b343f9ffa54805b1d22b7aef1e9eec16c80bcca3f27db1477011db1344bb45994ffb2096ca4b441a3b742647c60
  languageName: node
  linkType: hard

"autosize@npm:6.0.1":
  version: 6.0.1
  resolution: "autosize@npm:6.0.1"
  checksum: 10c0/7d1b9823443c2cc3fc962a7c20ec60d62db6a98c889a39f71495b48decbfda2463e6561fb7a748f069d6778e419f2fa1a7ecd09baa02dc33c4a209f777da9ac8
  languageName: node
  linkType: hard

"blueimp-canvas-to-blob@npm:3":
  version: 3.29.0
  resolution: "blueimp-canvas-to-blob@npm:3.29.0"
  checksum: 10c0/6c44cf20aa8287d4b31b2a6133074add338e4b8de092d2f7072a48cd5e04dead04814ffd34607f71dd7b3a285b5c8322c2e8c17776cfa20a1357df395862d646
  languageName: node
  linkType: hard

"blueimp-file-upload@npm:10.32.0":
  version: 10.32.0
  resolution: "blueimp-file-upload@npm:10.32.0"
  dependencies:
    blueimp-canvas-to-blob: "npm:3"
    blueimp-load-image: "npm:5"
    blueimp-tmpl: "npm:3"
  peerDependencies:
    jquery: ">=1.7"
  dependenciesMeta:
    blueimp-canvas-to-blob:
      optional: true
    blueimp-load-image:
      optional: true
    blueimp-tmpl:
      optional: true
  checksum: 10c0/1dd563f41c5cb231a94b0dc5d809b37c4fae8e83632aadd4bba74684d713a998f6330d30e217bc9dea80549d9fd8ed599078330e56f05dd6c19ff66b3c36382f
  languageName: node
  linkType: hard

"blueimp-file-upload@patch:blueimp-file-upload@npm%3A10.32.0#~/.yarn/patches/blueimp-file-upload-npm-10.32.0-61b944a244.patch":
  version: 10.32.0
  resolution: "blueimp-file-upload@patch:blueimp-file-upload@npm%3A10.32.0#~/.yarn/patches/blueimp-file-upload-npm-10.32.0-61b944a244.patch::version=10.32.0&hash=c70680"
  dependencies:
    blueimp-canvas-to-blob: "npm:3"
    blueimp-load-image: "npm:5"
    blueimp-tmpl: "npm:3"
  peerDependencies:
    jquery: ">=1.7"
  dependenciesMeta:
    blueimp-canvas-to-blob:
      optional: true
    blueimp-load-image:
      optional: true
    blueimp-tmpl:
      optional: true
  checksum: 10c0/48a69c3a79c8f97cf53cefed6e1fee6c836db8f9ab89dfb0a74bb0eec328a9708eb70ee2e492395543bbc5204f0ffc5020c69cb0c2303853270658f18df18bfc
  languageName: node
  linkType: hard

"blueimp-load-image@npm:5":
  version: 5.16.0
  resolution: "blueimp-load-image@npm:5.16.0"
  checksum: 10c0/17d37d811ec6778f494fbaf62414ae7b470412106c17a6ebc9805d95c3cf4f88c31f5609cd51b007076e247b99088c6ed157eee9f5e247e03482cbc2951e1611
  languageName: node
  linkType: hard

"blueimp-tmpl@npm:3":
  version: 3.20.0
  resolution: "blueimp-tmpl@npm:3.20.0"
  bin:
    tmpl.js: js/compile.js
  checksum: 10c0/02984cf13be502fde3dc27d94af0e568e3b284c68d634fef703b4cb64a249adaabba821927987ec6c65cbf5a96ae4148725f1d5f04330a5d87a3986744806dab
  languageName: node
  linkType: hard

"chart.js@npm:4.5.1":
  version: 4.5.1
  resolution: "chart.js@npm:4.5.1"
  dependencies:
    "@kurkle/color": "npm:^0.3.0"
  checksum: 10c0/3f2a11dcaae9079e8e6b8ad077e2ae311f04996f9da14815730891e66215ee8b5f2c0eb70b5a156e5bde0f89a41bae13506dc6153e50fd22dcb282b21eec706f
  languageName: node
  linkType: hard

"chartjs-adapter-moment@npm:1.0.1":
  version: 1.0.1
  resolution: "chartjs-adapter-moment@npm:1.0.1"
  peerDependencies:
    chart.js: ">=3.0.0"
    moment: ^2.10.2
  checksum: 10c0/9c7ddc6ebf5741c334464bb6a72629afce7b1fa1480e39d926f836bc03f9bb21cd99edc74acb6a8a7faeb3ea06afa8904af95d2f571912ce65f35c5c014b5b03
  languageName: node
  linkType: hard

"chartjs-plugin-zoom@npm:2.2.0":
  version: 2.2.0
  resolution: "chartjs-plugin-zoom@npm:2.2.0"
  dependencies:
    "@types/hammerjs": "npm:^2.0.45"
    hammerjs: "npm:^2.0.8"
  peerDependencies:
    chart.js: ">=3.2.0"
  checksum: 10c0/15817e912dcc0c62e66121d10c7f1af04cd788c8c831b9ed8f822e2835501b8816143e10b5b4f286a9afddc91492c3d7104b49e7226a3fb682b94412f9ee4087
  languageName: node
  linkType: hard

"commander@npm:^2.20.3":
  version: 2.20.3
  resolution: "commander@npm:2.20.3"
  checksum: 10c0/74c781a5248c2402a0a3e966a0a2bba3c054aad144f5c023364be83265e796b20565aa9feff624132ff629aa64e16999fa40a743c10c12f7c61e96a794b99288
  languageName: node
  linkType: hard

"component-emitter@npm:1.3.1":
  version: 1.3.1
  resolution: "component-emitter@npm:1.3.1"
  checksum: 10c0/e4900b1b790b5e76b8d71b328da41482118c0f3523a516a41be598dc2785a07fd721098d9bf6e22d89b19f4fa4e1025160dc00317ea111633a3e4f75c2b86032
  languageName: node
  linkType: hard

"cropperjs@npm:1.6.2":
  version: 1.6.2
  resolution: "cropperjs@npm:1.6.2"
  checksum: 10c0/5002e0cc3a491ceb8a104b2cb7a7c335a03e109fe590653f3aeefa27ca7115466edae62afc8ba21105bbaad4134583f5057ebbf5e8d843c7b2c1c1f0779630e9
  languageName: node
  linkType: hard

"cssfilter@npm:0.0.10":
  version: 0.0.10
  resolution: "cssfilter@npm:0.0.10"
  checksum: 10c0/478a227a616fb6e9bb338eb95f690df141b86231ec737cbea574484f31a09a51db894b4921afc4987459dae08d584355fd689ff2a7a7c7a74de4bb4c072ce553
  languageName: node
  linkType: hard

"downloadjs@npm:1.4.7":
  version: 1.4.7
  resolution: "downloadjs@npm:1.4.7"
  checksum: 10c0/a89af5fc0b0034402ca2d58c8a09e2baaabdd6b7be47bf227755f50bddd3463eae1abaab6bf68b9b4814ce7cc39d63af9066df8a94c5269a30e75eb57c622f38
  languageName: node
  linkType: hard

"downloadjs@patch:downloadjs@npm%3A1.4.7#~/.yarn/patches/downloadjs-npm-1.4.7-952a4ef987.patch":
  version: 1.4.7
  resolution: "downloadjs@patch:downloadjs@npm%3A1.4.7#~/.yarn/patches/downloadjs-npm-1.4.7-952a4ef987.patch::version=1.4.7&hash=eac078"
  checksum: 10c0/f8f7aa0044b6ee6a41fbcd4df0d06dbcccb2a8a040255b6ce9274149bd86ca0fed67d85e7123301245fdde4314b1467ce8f876336f223a32e0bf67b7bdb3c11b
  languageName: node
  linkType: hard

"esbuild@npm:0.27.2":
  version: 0.27.2
  resolution: "esbuild@npm:0.27.2"
  dependencies:
    "@esbuild/aix-ppc64": "npm:0.27.2"
    "@esbuild/android-arm": "npm:0.27.2"
    "@esbuild/android-arm64": "npm:0.27.2"
    "@esbuild/android-x64": "npm:0.27.2"
    "@esbuild/darwin-arm64": "npm:0.27.2"
    "@esbuild/darwin-x64": "npm:0.27.2"
    "@esbuild/freebsd-arm64": "npm:0.27.2"
    "@esbuild/freebsd-x64": "npm:0.27.2"
    "@esbuild/linux-arm": "npm:0.27.2"
    "@esbuild/linux-arm64": "npm:0.27.2"
    "@esbuild/linux-ia32": "npm:0.27.2"
    "@esbuild/linux-loong64": "npm:0.27.2"
    "@esbuild/linux-mips64el": "npm:0.27.2"
    "@esbuild/linux-ppc64": "npm:0.27.2"
    "@esbuild/linux-riscv64": "npm:0.27.2"
    "@esbuild/linux-s390x": "npm:0.27.2"
    "@esbuild/linux-x64": "npm:0.27.2"
    "@esbuild/netbsd-arm64": "npm:0.27.2"
    "@esbuild/netbsd-x64": "npm:0.27.2"
    "@esbuild/openbsd-arm64": "npm:0.27.2"
    "@esbuild/openbsd-x64": "npm:0.27.2"
    "@esbuild/openharmony-arm64": "npm:0.27.2"
    "@esbuild/sunos-x64": "npm:0.27.2"
    "@esbuild/win32-arm64": "npm:0.27.2"
    "@esbuild/win32-ia32": "npm:0.27.2"
    "@esbuild/win32-x64": "npm:0.27.2"
  dependenciesMeta:
    "@esbuild/aix-ppc64":
      optional: true
    "@esbuild/android-arm":
      optional: true
    "@esbuild/android-arm64":
      optional: true
    "@esbuild/android-x64":
      optional: true
    "@esbuild/darwin-arm64":
      optional: true
    "@esbuild/darwin-x64":
      optional: true
    "@esbuild/freebsd-arm64":
      optional: true
    "@esbuild/freebsd-x64":
      optional: true
    "@esbuild/linux-arm":
      optional: true
    "@esbuild/linux-arm64":
      optional: true
    "@esbuild/linux-ia32":
      optional: true
    "@esbuild/linux-loong64":
      optional: true
    "@esbuild/linux-mips64el":
      optional: true
    "@esbuild/linux-ppc64":
      optional: true
    "@esbuild/linux-riscv64":
      optional: true
    "@esbuild/linux-s390x":
      optional: true
    "@esbuild/linux-x64":
      optional: true
    "@esbuild/netbsd-arm64":
      optional: true
    "@esbuild/netbsd-x64":
      optional: true
    "@esbuild/openbsd-arm64":
      optional: true
    "@esbuild/openbsd-x64":
      optional: true
    "@esbuild/openharmony-arm64":
      optional: true
    "@esbuild/sunos-x64":
      optional: true
    "@esbuild/win32-arm64":
      optional: true
    "@esbuild/win32-ia32":
      optional: true
    "@esbuild/win32-x64":
      optional: true
  bin:
    esbuild: bin/esbuild
  checksum: 10c0/cf83f626f55500f521d5fe7f4bc5871bec240d3deb2a01fbd379edc43b3664d1167428738a5aad8794b35d1cca985c44c375b1cd38a2ca613c77ced2c83aafcd
  languageName: node
  linkType: hard

"eve-raphael@npm:0.5.0":
  version: 0.5.0
  resolution: "eve-raphael@npm:0.5.0"
  checksum: 10c0/59e85704181c63c38fc084f478e64bc92771c444391162b8407bf72a65bb5f1b8c7ba03364bfd28dae5b9bce0eb4c970758c66bd9f6d9411f035d138a7bf5518
  languageName: node
  linkType: hard

"eventemitter3@npm:^5.0.1":
  version: 5.0.1
  resolution: "eventemitter3@npm:5.0.1"
  checksum: 10c0/4ba5c00c506e6c786b4d6262cfbce90ddc14c10d4667e5c83ae993c9de88aa856033994dd2b35b83e8dc1170e224e66a319fa80adc4c32adcd2379bbc75da814
  languageName: node
  linkType: hard

"fast-diff@npm:^1.3.0":
  version: 1.3.0
  resolution: "fast-diff@npm:1.3.0"
  checksum: 10c0/5c19af237edb5d5effda008c891a18a585f74bf12953be57923f17a3a4d0979565fc64dbc73b9e20926b9d895f5b690c618cbb969af0cf022e3222471220ad29
  languageName: node
  linkType: hard

"hammerjs@npm:2.0.8, hammerjs@npm:^2.0.8":
  version: 2.0.8
  resolution: "hammerjs@npm:2.0.8"
  checksum: 10c0/5c95e5774b5ea49492cb3fa8f1949aea67048a0b84af33acb555e7139abfcf3c83aca2b83e0c5008755bc230166df7b5e469d1e3eb6746c48f215f3672609fed
  languageName: node
  linkType: hard

"inputmask@npm:5.0.10-beta.59":
  version: 5.0.10-beta.59
  resolution: "inputmask@npm:5.0.10-beta.59"
  checksum: 10c0/73a9b81c919ee8dbc3f000a6e3eb124546e6534ff2336e385f88e20d1faea1423f49c7b6e8734107d527521128da3f9e2c895af3fda212719b6b0d494e1500f6
  languageName: node
  linkType: hard

"jquery-cropper@npm:1.0.2":
  version: 1.0.2
  resolution: "jquery-cropper@npm:1.0.2"
  peerDependencies:
    cropperjs: ">=1.0.0 <2.0.0"
    jquery: ">=1.9.1"
  checksum: 10c0/9028c98aa970f4e350303ccd8d7e11b2d70a0c225f1011b9b105fad1a71d8a7faf89110683977a0e09eca8be3490dc2fe4b2b67ebfe359da24974f4ef780884f
  languageName: node
  linkType: hard

"jquery-mousewheel@npm:3.2.2":
  version: 3.2.2
  resolution: "jquery-mousewheel@npm:3.2.2"
  dependencies:
    jquery: "npm:>=1.2.6"
  checksum: 10c0/a8b45ae7759ce14134284cb6a2f2446f16d43325550c2e25653de572ca3e197b471b8322afb11ec114ab3b0f26b7072a7b47de7ed6617e9417328a94eac30740
  languageName: node
  linkType: hard

"jquery-touchswipe@npm:1.6.19":
  version: 1.6.19
  resolution: "jquery-touchswipe@npm:1.6.19"
  checksum: 10c0/0971402f8206629f3fc8a2d19c7514ccefe1441ea3f633daafe189ba43b74cc0c0dc8ed3df6e85a5655f7fe2d482adf5994f0c87d430a5e6ce39848db8fb32c7
  languageName: node
  linkType: hard

"jquery-ui-timepicker-addon@npm:1.6.3":
  version: 1.6.3
  resolution: "jquery-ui-timepicker-addon@npm:1.6.3"
  checksum: 10c0/20729e79066198871e652190271b4421c55f8d7685621bdf9af114163f967369963ebcdddbbbdb13d88950d69f717d1c86c0b2d3364bf0bc1dd6b75fc17bbbcd
  languageName: node
  linkType: hard

"jquery-ui-timepicker-addon@patch:jquery-ui-timepicker-addon@npm%3A1.6.3#~/.yarn/patches/jquery-ui-timepicker-addon-npm-1.6.3-b43c27b305.patch":
  version: 1.6.3
  resolution: "jquery-ui-timepicker-addon@patch:jquery-ui-timepicker-addon@npm%3A1.6.3#~/.yarn/patches/jquery-ui-timepicker-addon-npm-1.6.3-b43c27b305.patch::version=1.6.3&hash=1ceb0f"
  checksum: 10c0/ce3acf27a7bbdbf68c5e81d7361218a341cbfe300cf3e38109a85d1537440326aed66e1586afff77fd8097ed158a06c668a444d57abd45cf3b36e439064e1860
  languageName: node
  linkType: hard

"jquery-ui@npm:1.14.1, jquery-ui@npm:>=1.8":
  version: 1.14.1
  resolution: "jquery-ui@npm:1.14.1"
  dependencies:
    jquery: "npm:>=1.12.0 <5.0.0"
  checksum: 10c0/cf7a3c0aac369e513d78bc5864bbafb6ddf85a43513ca5d00b11d65e2890a6618ff2ef5b8cb2925db9a6b7d0c2482d717fb10cc813e419024ae8bc457e18f51d
  languageName: node
  linkType: hard

"jquery@npm:4.0.0":
  version: 4.0.0
  resolution: "jquery@npm:4.0.0"
  checksum: 10c0/06d8d0f51121af5a691f8b59c74823157bb5b60eea915b30eaa920d6c0ffd91e60ba81e9b97bd8203f331f9dd8d0ec9a4b010935ea314bdd2f15453c29bc780b
  languageName: node
  linkType: hard

"js-cookie@npm:3.0.5":
  version: 3.0.5
  resolution: "js-cookie@npm:3.0.5"
  checksum: 10c0/04a0e560407b4489daac3a63e231d35f4e86f78bff9d792011391b49c59f721b513411cd75714c418049c8dc9750b20fcddad1ca5a2ca616c3aca4874cce5b3a
  languageName: node
  linkType: hard

"jscrollpane@npm:2.2.3-rc.2":
  version: 2.2.3-rc.2
  resolution: "jscrollpane@npm:2.2.3-rc.2"
  dependencies:
    jquery: "npm:^3.5.1"
  checksum: 10c0/a7cad13cd54f1014c6e43790c9fafd8e0946ccc1bbd85501ec2903094ae9f5d64ded85be5ddf1415c5de60b4a76043311395677b7b2f887e0178c39dfde51414
  languageName: node
  linkType: hard

"jscrollpane@patch:jscrollpane@npm%3A2.2.3-rc.2#~/.yarn/patches/jscrollpane-npm-2.2.3-rc.2-173a004b4f.patch":
  version: 2.2.3-rc.2
  resolution: "jscrollpane@patch:jscrollpane@npm%3A2.2.3-rc.2#~/.yarn/patches/jscrollpane-npm-2.2.3-rc.2-173a004b4f.patch::version=2.2.3-rc.2&hash=591506"
  dependencies:
    jquery: "npm:^3.5.1"
  checksum: 10c0/0fcf06990b4c32b5bd82a0a53abf8fbcdf024678fdea67b68b56eafb9a8f736abcffebb009fb125d9d0620ba4df0abfce24d427d06c3305d53dc8f1cd6d31ecc
  languageName: node
  linkType: hard

"jsplumb@npm:2.15.6":
  version: 2.15.6
  resolution: "jsplumb@npm:2.15.6"
  checksum: 10c0/48017c18bcc08e6fceb818257b514b1cc5b5e03d8e2408eb2e4fb06e64cbc121620ca9aa382562f1d227091224bcdf10d47846955b79cb3b656497ec70bb7e98
  languageName: node
  linkType: hard

"keycharm@npm:0.4.0":
  version: 0.4.0
  resolution: "keycharm@npm:0.4.0"
  checksum: 10c0/5e845331148b5cb652f65a6354a830df62a189e2c17faec56375fa12d91152a70f93c872c6f22b81acafe56b9df51268c9af6b7b8c0543cb65ba46042eb9713e
  languageName: node
  linkType: hard

"lodash-es@npm:^4.17.21":
  version: 4.17.23
  resolution: "lodash-es@npm:4.17.23"
  checksum: 10c0/3150fb6660c14c7a6b5f23bd11597d884b140c0e862a17fdb415aaa5ef7741523182904a6b7929f04e5f60a11edb5a79499eb448734381c99ffb3c4734beeddd
  languageName: node
  linkType: hard

"lodash.clonedeep@npm:^4.5.0":
  version: 4.5.0
  resolution: "lodash.clonedeep@npm:4.5.0"
  checksum: 10c0/2caf0e4808f319d761d2939ee0642fa6867a4bbf2cfce43276698828380756b99d4c4fa226d881655e6ac298dd453fe12a5ec8ba49861777759494c534936985
  languageName: node
  linkType: hard

"lodash.isequal@npm:^4.5.0":
  version: 4.5.0
  resolution: "lodash.isequal@npm:4.5.0"
  checksum: 10c0/dfdb2356db19631a4b445d5f37868a095e2402292d59539a987f134a8778c62a2810c2452d11ae9e6dcac71fc9de40a6fedcb20e2952a15b431ad8b29e50e28f
  languageName: node
  linkType: hard

"moment-jdateformatparser@npm:1.2.1":
  version: 1.2.1
  resolution: "moment-jdateformatparser@npm:1.2.1"
  checksum: 10c0/a51b413d57c8819439d472c3f1c2fff34d3d42622d1feb89212d87f0a97e680e0346da28d56e6466aa9bdc9e26f45e888befb827cfc2984855d02480118b8165
  languageName: node
  linkType: hard

"moment-timezone@npm:0.6.0":
  version: 0.6.0
  resolution: "moment-timezone@npm:0.6.0"
  dependencies:
    moment: "npm:^2.29.4"
  checksum: 10c0/16164cf321d8be0bf7d43855286b426c94c8200e0634f2e42cf469f591c6a230ac43f37d3826d76b05ac221f69a571400323fb8625e3d4e8669f4d9ab00fe779
  languageName: node
  linkType: hard

"moment@npm:2.30.1, moment@npm:^2.29.4":
  version: 2.30.1
  resolution: "moment@npm:2.30.1"
  checksum: 10c0/865e4279418c6de666fca7786607705fd0189d8a7b7624e2e56be99290ac846f90878a6f602e34b4e0455c549b85385b1baf9966845962b313699e7cb847543a
  languageName: node
  linkType: hard

"parchment@npm:^3.0.0":
  version: 3.0.0
  resolution: "parchment@npm:3.0.0"
  checksum: 10c0/83cc55756a899d6769e42b345ae55738f7e93f9027bb0095f518bc75b81d44ba2b69a76bc25f259974d972f8e250066419c3f92e3ded7518f144fc9c1b47430d
  languageName: node
  linkType: hard

"preact@npm:~10.12.1":
  version: 10.12.1
  resolution: "preact@npm:10.12.1"
  checksum: 10c0/c77a55e897dcf298b7aa13637fed29744d3cf6c083f2832856e8551dbf27303c8b6946569736de16b05cba15c0e44ad404beb236ad9e36583a6fc5e2efad7777
  languageName: node
  linkType: hard

"primeicons@npm:7.0.0":
  version: 7.0.0
  resolution: "primeicons@npm:7.0.0"
  checksum: 10c0/a7f6344d6db49e785d2040b35f8cae761d15bb8f8ee70ade8981d45438245414e913fe7235921122aade2b0a11a032c98b44dc527be2da11aa791ff145099c06
  languageName: node
  linkType: hard

"primelocale@npm:2.2.3":
  version: 2.2.3
  resolution: "primelocale@npm:2.2.3"
  checksum: 10c0/1a9e205172fbdd1f950344ac2d0c392dcd81f19d783fa75153e4f5b183c66818085641fd5246b19e5193177bef7cccdcff85712585289284bd4e4aefb3c6527f
  languageName: node
  linkType: hard

"propagating-hammerjs@npm:3.0.0":
  version: 3.0.0
  resolution: "propagating-hammerjs@npm:3.0.0"
  peerDependencies:
    "@egjs/hammerjs": ^2.0.17
  checksum: 10c0/ac3dd6e6fdf4c84abc148d2b656bb3a66dd9eadef65daa25ea1dc632334523e7b1e4f1bbffce3256e75bf77543f94f4e6334f153a8a5e98e0ea8eb47bb02fda2
  languageName: node
  linkType: hard

"quill-delta@npm:^5.1.0":
  version: 5.1.0
  resolution: "quill-delta@npm:5.1.0"
  dependencies:
    fast-diff: "npm:^1.3.0"
    lodash.clonedeep: "npm:^4.5.0"
    lodash.isequal: "npm:^4.5.0"
  checksum: 10c0/a99462b96177f4559e5a659be0f51bbfe090c11b61c53aa19afabd3fdf8a6495173bbacd84b75acce680ed7c157a024907e74ff077ddd6a135b4da15bf71ada2
  languageName: node
  linkType: hard

"quill@npm:2.0.3":
  version: 2.0.3
  resolution: "quill@npm:2.0.3"
  dependencies:
    eventemitter3: "npm:^5.0.1"
    lodash-es: "npm:^4.17.21"
    parchment: "npm:^3.0.0"
    quill-delta: "npm:^5.1.0"
  checksum: 10c0/9897468b3e2b0fbf9c91471deea745d7b6494f866cb8caace63267769b2c4c6128e49da0988c4ed64f1a91a171fbf91c84009b663b1256a3caca0755204bb6b5
  languageName: node
  linkType: hard

"rangyinputs@npm:1.2.0":
  version: 1.2.0
  resolution: "rangyinputs@npm:1.2.0"
  checksum: 10c0/ab8cf8edeec2e8578172792f70d9d2f36053a97509cf547c8969e7dc315ed318679ae84c051b1b1ea1e3436339f917809d45a941d954b44a8ebe4c3d79ae50ae
  languageName: node
  linkType: hard

"raphael@npm:2.3.0":
  version: 2.3.0
  resolution: "raphael@npm:2.3.0"
  dependencies:
    eve-raphael: "npm:0.5.0"
  checksum: 10c0/187dccb25eefba5680af5e641e73b7e5343532fc1bb7ee3910da519af87867b7d768264e2071ead68800ce1dbec59ab3a1a30fe1f2c2a546d541a16694f083c9
  languageName: node
  linkType: hard

"tslib@npm:^2.1.0":
  version: 2.8.1
  resolution: "tslib@npm:2.8.1"
  checksum: 10c0/9c4759110a19c53f992d9aae23aac5ced636e99887b51b9e61def52611732872ff7668757d4e4c61f19691e36f4da981cd9485e869b4a7408d689f6bf1f14e62
  languageName: node
  linkType: hard

"typescript@npm:5.9.3":
  version: 5.9.3
  resolution: "typescript@npm:5.9.3"
  bin:
    tsc: bin/tsc
    tsserver: bin/tsserver
  checksum: 10c0/6bd7552ce39f97e711db5aa048f6f9995b53f1c52f7d8667c1abdc1700c68a76a308f579cd309ce6b53646deb4e9a1be7c813a93baaf0a28ccd536a30270e1c5
  languageName: node
  linkType: hard

"typescript@patch:typescript@npm%3A5.9.3#optional!builtin<compat/typescript>":
  version: 5.9.3
  resolution: "typescript@patch:typescript@npm%3A5.9.3#optional!builtin<compat/typescript>::version=5.9.3&hash=5786d5"
  bin:
    tsc: bin/tsc
    tsserver: bin/tsserver
  checksum: 10c0/ad09fdf7a756814dce65bc60c1657b40d44451346858eea230e10f2e95a289d9183b6e32e5c11e95acc0ccc214b4f36289dcad4bf1886b0adb84d711d336a430
  languageName: node
  linkType: hard

"undici-types@npm:~7.16.0":
  version: 7.16.0
  resolution: "undici-types@npm:7.16.0"
  checksum: 10c0/3033e2f2b5c9f1504bdc5934646cb54e37ecaca0f9249c983f7b1fc2e87c6d18399ebb05dc7fd5419e02b2e915f734d872a65da2e3eeed1813951c427d33cc9a
  languageName: node
  linkType: hard

"uuid@npm:13.0.0":
  version: 13.0.0
  resolution: "uuid@npm:13.0.0"
  bin:
    uuid: dist-node/bin/uuid
  checksum: 10c0/950e4c18d57fef6c69675344f5700a08af21e26b9eff2bf2180427564297368c538ea11ac9fb2e6528b17fc3966a9fd2c5049361b0b63c7d654f3c550c9b3d67
  languageName: node
  linkType: hard

"vis-data@npm:8.0.3":
  version: 8.0.3
  resolution: "vis-data@npm:8.0.3"
  peerDependencies:
    uuid: ^3.4.0 || ^7.0.0 || ^8.0.0 || ^9.0.0 || ^10.0.0 || ^11.0.0 || ^13.0.0
    vis-util: ">=6.0.0"
  checksum: 10c0/c344a8c6ce2ce31bd00b6a51da3c3d20ac0bef735b76644d937b999d70d6a3a847f5f0fa78222f1d7d659f80be877302edd78f2747a972b15368686eff6a9034
  languageName: node
  linkType: hard

"vis-timeline@npm:8.5.0":
  version: 8.5.0
  resolution: "vis-timeline@npm:8.5.0"
  peerDependencies:
    "@egjs/hammerjs": ^2.0.0
    component-emitter: ^1.3.0
    keycharm: ^0.2.0 || ^0.3.0 || ^0.4.0
    moment: ^2.24.0
    propagating-hammerjs: ^1.4.0 || ^2.0.0 || ^3.0.0
    uuid: ^3.4.0 || ^7.0.0 || ^8.0.0 || ^9.0.0 || ^10.0.0 || ^11.0.0 || ^13.0.0
    vis-data: ">=8.0.0"
    vis-util: ">=6.0.0"
    xss: ^1.0.0
  checksum: 10c0/bb5bc9e23365049db7fa56839e493100eaccdb95161a2654490721741aca8c0c2b30ac97d261dad1bd9c9175fbe6ec8443390c7d38a0ec140add732b0e54206f
  languageName: node
  linkType: hard

"vis-util@npm:6.0.0":
  version: 6.0.0
  resolution: "vis-util@npm:6.0.0"
  peerDependencies:
    "@egjs/hammerjs": ^2.0.0
    component-emitter: ^1.3.0 || ^2.0.0
  checksum: 10c0/8e7dc67a60c681f9d769736b56ca9a813e713e9628effdccbaabce6517337bc61591be2034805eba099f29d3ea43a91131f1d866129a951dae933d8702b032a7
  languageName: node
  linkType: hard

"webcamjs@npm:1.0.26":
  version: 1.0.26
  resolution: "webcamjs@npm:1.0.26"
  checksum: 10c0/f71d567f2b29c569f7407bca898a603a624d5701eb3b4bb11f3f68573ac1f5e6ffc3234ae3593735dfd2fbdf2ab63777c8041a52eaae86528f018387b47793d0
  languageName: node
  linkType: hard

"webcamjs@patch:webcamjs@npm%3A1.0.26#~/.yarn/patches/webcamjs-npm-1.0.26-e450e6a36f.patch":
  version: 1.0.26
  resolution: "webcamjs@patch:webcamjs@npm%3A1.0.26#~/.yarn/patches/webcamjs-npm-1.0.26-e450e6a36f.patch::version=1.0.26&hash=1af1f9"
  checksum: 10c0/98939fa1c86eab28ef353bf38d7e32357af76a20d970690027f94f5da956b25fcf1b5202446d09a41577e33b60b730907addeb9e1cf2a2c5acf27288d70f70b8
  languageName: node
  linkType: hard

"xss@npm:1.0.15":
  version: 1.0.15
  resolution: "xss@npm:1.0.15"
  dependencies:
    commander: "npm:^2.20.3"
    cssfilter: "npm:0.0.10"
  bin:
    xss: bin/xss
  checksum: 10c0/9b31bee62a208f78e2b7bc8154e3ee87d980f4661dc4ab850ce6f4de7bc50eb152f0bdc13fa759ff8ab6d9bfdf8c0d79cf9f6f86249872b92181912309bccd08
  languageName: node
  linkType: hard
